// !$*UTF8*$!
{
	archiveVersion = 1;
	classes = {
	};
	objectVersion = 46;
	objects = {

/* Begin PBXBuildFile section */
		28FEB25E190E9F3800F927E1 /* ofxTonicSynth.cpp in Sources */ = {isa = PBXBuildFile; fileRef = 28FEB1D4190E9F3700F927E1 /* ofxTonicSynth.cpp */; };
		28FEB25F190E9F3800F927E1 /* ADSR.cpp in Sources */ = {isa = PBXBuildFile; fileRef = 28FEB1D7190E9F3700F927E1 /* ADSR.cpp */; };
		28FEB260190E9F3800F927E1 /* Arithmetic.cpp in Sources */ = {isa = PBXBuildFile; fileRef = 28FEB1D9190E9F3700F927E1 /* Arithmetic.cpp */; };
		28FEB261190E9F3800F927E1 /* BasicDelay.cpp in Sources */ = {isa = PBXBuildFile; fileRef = 28FEB1DB190E9F3700F927E1 /* BasicDelay.cpp */; };
		28FEB262190E9F3800F927E1 /* BufferFiller.cpp in Sources */ = {isa = PBXBuildFile; fileRef = 28FEB1DD190E9F3700F927E1 /* BufferFiller.cpp */; };
		28FEB263190E9F3800F927E1 /* CombFilter.cpp in Sources */ = {isa = PBXBuildFile; fileRef = 28FEB1DF190E9F3700F927E1 /* CombFilter.cpp */; };
		28FEB264190E9F3800F927E1 /* CompressorLimiter.cpp in Sources */ = {isa = PBXBuildFile; fileRef = 28FEB1E1190E9F3700F927E1 /* CompressorLimiter.cpp */; };
		28FEB265190E9F3800F927E1 /* ControlArithmetic.cpp in Sources */ = {isa = PBXBuildFile; fileRef = 28FEB1E3190E9F3700F927E1 /* ControlArithmetic.cpp */; };
		28FEB266190E9F3800F927E1 /* ControlChangeNotifier.cpp in Sources */ = {isa = PBXBuildFile; fileRef = 28FEB1E5190E9F3700F927E1 /* ControlChangeNotifier.cpp */; };
		28FEB267190E9F3800F927E1 /* ControlComparison.cpp in Sources */ = {isa = PBXBuildFile; fileRef = 28FEB1E7190E9F3700F927E1 /* ControlComparison.cpp */; };
		28FEB268190E9F3800F927E1 /* ControlConditioner.cpp in Sources */ = {isa = PBXBuildFile; fileRef = 28FEB1E9190E9F3700F927E1 /* ControlConditioner.cpp */; };
		28FEB269190E9F3800F927E1 /* ControlCounter.cpp in Sources */ = {isa = PBXBuildFile; fileRef = 28FEB1EB190E9F3700F927E1 /* ControlCounter.cpp */; };
		28FEB26A190E9F3800F927E1 /* ControlDbToLinear.cpp in Sources */ = {isa = PBXBuildFile; fileRef = 28FEB1ED190E9F3700F927E1 /* ControlDbToLinear.cpp */; };
		28FEB26B190E9F3800F927E1 /* ControlDelay.cpp in Sources */ = {isa = PBXBuildFile; fileRef = 28FEB1EF190E9F3700F927E1 /* ControlDelay.cpp */; };
		28FEB26C190E9F3800F927E1 /* ControlFloor.cpp in Sources */ = {isa = PBXBuildFile; fileRef = 28FEB1F1190E9F3700F927E1 /* ControlFloor.cpp */; };
		28FEB26D190E9F3800F927E1 /* ControlGenerator.cpp in Sources */ = {isa = PBXBuildFile; fileRef = 28FEB1F3190E9F3700F927E1 /* ControlGenerator.cpp */; };
		28FEB26E190E9F3800F927E1 /* ControlMetro.cpp in Sources */ = {isa = PBXBuildFile; fileRef = 28FEB1F5190E9F3700F927E1 /* ControlMetro.cpp */; };
		28FEB26F190E9F3800F927E1 /* ControlMetroDivider.cpp in Sources */ = {isa = PBXBuildFile; fileRef = 28FEB1F7190E9F3700F927E1 /* ControlMetroDivider.cpp */; };
		28FEB270190E9F3800F927E1 /* ControlMidiToFreq.cpp in Sources */ = {isa = PBXBuildFile; fileRef = 28FEB1F9190E9F3700F927E1 /* ControlMidiToFreq.cpp */; };
		28FEB271190E9F3800F927E1 /* ControlParameter.cpp in Sources */ = {isa = PBXBuildFile; fileRef = 28FEB1FB190E9F3700F927E1 /* ControlParameter.cpp */; };
		28FEB272190E9F3800F927E1 /* ControlPrinter.cpp in Sources */ = {isa = PBXBuildFile; fileRef = 28FEB1FD190E9F3700F927E1 /* ControlPrinter.cpp */; };
		28FEB273190E9F3800F927E1 /* ControlPulse.cpp in Sources */ = {isa = PBXBuildFile; fileRef = 28FEB1FF190E9F3700F927E1 /* ControlPulse.cpp */; };
		28FEB274190E9F3800F927E1 /* ControlRandom.cpp in Sources */ = {isa = PBXBuildFile; fileRef = 28FEB201190E9F3700F927E1 /* ControlRandom.cpp */; };
		28FEB275190E9F3800F927E1 /* ControlRecorder.cpp in Sources */ = {isa = PBXBuildFile; fileRef = 28FEB203190E9F3700F927E1 /* ControlRecorder.cpp */; };
		28FEB276190E9F3800F927E1 /* ControlSnapToScale.cpp in Sources */ = {isa = PBXBuildFile; fileRef = 28FEB205190E9F3700F927E1 /* ControlSnapToScale.cpp */; };
		28FEB277190E9F3800F927E1 /* ControlStepper.cpp in Sources */ = {isa = PBXBuildFile; fileRef = 28FEB207190E9F3700F927E1 /* ControlStepper.cpp */; };
		28FEB278190E9F3800F927E1 /* ControlSwitcher.cpp in Sources */ = {isa = PBXBuildFile; fileRef = 28FEB209190E9F3700F927E1 /* ControlSwitcher.cpp */; };
		28FEB279190E9F3800F927E1 /* ControlTrigger.cpp in Sources */ = {isa = PBXBuildFile; fileRef = 28FEB20B190E9F3700F927E1 /* ControlTrigger.cpp */; };
		28FEB27A190E9F3800F927E1 /* ControlValue.cpp in Sources */ = {isa = PBXBuildFile; fileRef = 28FEB20D190E9F3700F927E1 /* ControlValue.cpp */; };
		28FEB27B190E9F3800F927E1 /* ControlXYSpeed.cpp in Sources */ = {isa = PBXBuildFile; fileRef = 28FEB20F190E9F3700F927E1 /* ControlXYSpeed.cpp */; };
		28FEB27C190E9F3800F927E1 /* DelayUtils.cpp in Sources */ = {isa = PBXBuildFile; fileRef = 28FEB211190E9F3700F927E1 /* DelayUtils.cpp */; };
		28FEB27D190E9F3800F927E1 /* Effect.cpp in Sources */ = {isa = PBXBuildFile; fileRef = 28FEB213190E9F3700F927E1 /* Effect.cpp */; };
		28FEB27E190E9F3800F927E1 /* Filters.cpp in Sources */ = {isa = PBXBuildFile; fileRef = 28FEB215190E9F3700F927E1 /* Filters.cpp */; };
		28FEB27F190E9F3800F927E1 /* FilterUtils.cpp in Sources */ = {isa = PBXBuildFile; fileRef = 28FEB217190E9F3700F927E1 /* FilterUtils.cpp */; };
		28FEB280190E9F3800F927E1 /* FixedValue.cpp in Sources */ = {isa = PBXBuildFile; fileRef = 28FEB219190E9F3700F927E1 /* FixedValue.cpp */; };
		28FEB281190E9F3800F927E1 /* Generator.cpp in Sources */ = {isa = PBXBuildFile; fileRef = 28FEB21B190E9F3700F927E1 /* Generator.cpp */; };
		28FEB282190E9F3800F927E1 /* LFNoise.cpp in Sources */ = {isa = PBXBuildFile; fileRef = 28FEB21D190E9F3700F927E1 /* LFNoise.cpp */; };
		28FEB283190E9F3800F927E1 /* Mixer.cpp in Sources */ = {isa = PBXBuildFile; fileRef = 28FEB21F190E9F3700F927E1 /* Mixer.cpp */; };
		28FEB284190E9F3800F927E1 /* MonoToStereoPanner.cpp in Sources */ = {isa = PBXBuildFile; fileRef = 28FEB221190E9F3700F927E1 /* MonoToStereoPanner.cpp */; };
		28FEB285190E9F3800F927E1 /* Noise.cpp in Sources */ = {isa = PBXBuildFile; fileRef = 28FEB223190E9F3700F927E1 /* Noise.cpp */; };
		28FEB286190E9F3800F927E1 /* RampedValue.cpp in Sources */ = {isa = PBXBuildFile; fileRef = 28FEB225190E9F3700F927E1 /* RampedValue.cpp */; };
		28FEB287190E9F3800F927E1 /* RectWave.cpp in Sources */ = {isa = PBXBuildFile; fileRef = 28FEB227190E9F3700F927E1 /* RectWave.cpp */; };
		28FEB288190E9F3800F927E1 /* Reverb.cpp in Sources */ = {isa = PBXBuildFile; fileRef = 28FEB229190E9F3700F927E1 /* Reverb.cpp */; };
		28FEB289190E9F3800F927E1 /* RingBuffer.cpp in Sources */ = {isa = PBXBuildFile; fileRef = 28FEB22B190E9F3700F927E1 /* RingBuffer.cpp */; };
		28FEB28A190E9F3800F927E1 /* SampleTable.cpp in Sources */ = {isa = PBXBuildFile; fileRef = 28FEB22D190E9F3700F927E1 /* SampleTable.cpp */; };
		28FEB28B190E9F3800F927E1 /* SawtoothWave.cpp in Sources */ = {isa = PBXBuildFile; fileRef = 28FEB22F190E9F3700F927E1 /* SawtoothWave.cpp */; };
		28FEB28C190E9F3800F927E1 /* SineWave.cpp in Sources */ = {isa = PBXBuildFile; fileRef = 28FEB231190E9F3700F927E1 /* SineWave.cpp */; };
		28FEB28D190E9F3800F927E1 /* StereoDelay.cpp in Sources */ = {isa = PBXBuildFile; fileRef = 28FEB234190E9F3700F927E1 /* StereoDelay.cpp */; };
		28FEB28E190E9F3800F927E1 /* Synth.cpp in Sources */ = {isa = PBXBuildFile; fileRef = 28FEB236190E9F3700F927E1 /* Synth.cpp */; };
		28FEB28F190E9F3800F927E1 /* TableLookupOsc.cpp in Sources */ = {isa = PBXBuildFile; fileRef = 28FEB238190E9F3700F927E1 /* TableLookupOsc.cpp */; };
		28FEB290190E9F3800F927E1 /* TonicFrames.cpp in Sources */ = {isa = PBXBuildFile; fileRef = 28FEB23B190E9F3700F927E1 /* TonicFrames.cpp */; };
		BBAB23CB13894F3D00AA2426 /* GLUT.framework in CopyFiles */ = {isa = PBXBuildFile; fileRef = BBAB23BE13894E4700AA2426 /* GLUT.framework */; };
		E4328149138ABC9F0047C5CB /* openFrameworksDebug.a in Frameworks */ = {isa = PBXBuildFile; fileRef = E4328148138ABC890047C5CB /* openFrameworksDebug.a */; };
		E45BE97B0E8CC7DD009D7055 /* AGL.framework in Frameworks */ = {isa = PBXBuildFile; fileRef = E45BE9710E8CC7DD009D7055 /* AGL.framework */; };
		E45BE97C0E8CC7DD009D7055 /* ApplicationServices.framework in Frameworks */ = {isa = PBXBuildFile; fileRef = E45BE9720E8CC7DD009D7055 /* ApplicationServices.framework */; };
		E45BE97D0E8CC7DD009D7055 /* AudioToolbox.framework in Frameworks */ = {isa = PBXBuildFile; fileRef = E45BE9730E8CC7DD009D7055 /* AudioToolbox.framework */; };
		E45BE97E0E8CC7DD009D7055 /* Carbon.framework in Frameworks */ = {isa = PBXBuildFile; fileRef = E45BE9740E8CC7DD009D7055 /* Carbon.framework */; };
		E45BE97F0E8CC7DD009D7055 /* CoreAudio.framework in Frameworks */ = {isa = PBXBuildFile; fileRef = E45BE9750E8CC7DD009D7055 /* CoreAudio.framework */; };
		E45BE9800E8CC7DD009D7055 /* CoreFoundation.framework in Frameworks */ = {isa = PBXBuildFile; fileRef = E45BE9760E8CC7DD009D7055 /* CoreFoundation.framework */; };
		E45BE9810E8CC7DD009D7055 /* CoreServices.framework in Frameworks */ = {isa = PBXBuildFile; fileRef = E45BE9770E8CC7DD009D7055 /* CoreServices.framework */; };
		E45BE9830E8CC7DD009D7055 /* OpenGL.framework in Frameworks */ = {isa = PBXBuildFile; fileRef = E45BE9790E8CC7DD009D7055 /* OpenGL.framework */; };
		E45BE9840E8CC7DD009D7055 /* QuickTime.framework in Frameworks */ = {isa = PBXBuildFile; fileRef = E45BE97A0E8CC7DD009D7055 /* QuickTime.framework */; };
		E4B69E200A3A1BDC003C02F2 /* main.cpp in Sources */ = {isa = PBXBuildFile; fileRef = E4B69E1D0A3A1BDC003C02F2 /* main.cpp */; };
		E4B69E210A3A1BDC003C02F2 /* testApp.cpp in Sources */ = {isa = PBXBuildFile; fileRef = E4B69E1E0A3A1BDC003C02F2 /* testApp.cpp */; };
		E4C2424710CC5A17004149E2 /* AppKit.framework in Frameworks */ = {isa = PBXBuildFile; fileRef = E4C2424410CC5A17004149E2 /* AppKit.framework */; };
		E4C2424810CC5A17004149E2 /* Cocoa.framework in Frameworks */ = {isa = PBXBuildFile; fileRef = E4C2424510CC5A17004149E2 /* Cocoa.framework */; };
		E4C2424910CC5A17004149E2 /* IOKit.framework in Frameworks */ = {isa = PBXBuildFile; fileRef = E4C2424610CC5A17004149E2 /* IOKit.framework */; };
		E4EB6799138ADC1D00A09F29 /* GLUT.framework in Frameworks */ = {isa = PBXBuildFile; fileRef = BBAB23BE13894E4700AA2426 /* GLUT.framework */; };
		E7E077E515D3B63C0020DFD4 /* CoreVideo.framework in Frameworks */ = {isa = PBXBuildFile; fileRef = E7E077E415D3B63C0020DFD4 /* CoreVideo.framework */; };
		E7E077E815D3B6510020DFD4 /* QTKit.framework in Frameworks */ = {isa = PBXBuildFile; fileRef = E7E077E715D3B6510020DFD4 /* QTKit.framework */; };
		E7F985F815E0DEA3003869B5 /* Accelerate.framework in Frameworks */ = {isa = PBXBuildFile; fileRef = E7F985F515E0DE99003869B5 /* Accelerate.framework */; };
/* End PBXBuildFile section */

/* Begin PBXContainerItemProxy section */
		E4328147138ABC890047C5CB /* PBXContainerItemProxy */ = {
			isa = PBXContainerItemProxy;
			containerPortal = E4328143138ABC890047C5CB /* openFrameworksLib.xcodeproj */;
			proxyType = 2;
			remoteGlobalIDString = E4B27C1510CBEB8E00536013;
			remoteInfo = openFrameworks;
		};
		E4EEB9AB138B136A00A80321 /* PBXContainerItemProxy */ = {
			isa = PBXContainerItemProxy;
			containerPortal = E4328143138ABC890047C5CB /* openFrameworksLib.xcodeproj */;
			proxyType = 1;
			remoteGlobalIDString = E4B27C1410CBEB8E00536013;
			remoteInfo = openFrameworks;
		};
/* End PBXContainerItemProxy section */

/* Begin PBXCopyFilesBuildPhase section */
		E4C2427710CC5ABF004149E2 /* CopyFiles */ = {
			isa = PBXCopyFilesBuildPhase;
			buildActionMask = 2147483647;
			dstPath = "";
			dstSubfolderSpec = 10;
			files = (
				BBAB23CB13894F3D00AA2426 /* GLUT.framework in CopyFiles */,
			);
			runOnlyForDeploymentPostprocessing = 0;
		};
/* End PBXCopyFilesBuildPhase section */

/* Begin PBXFileReference section */
		28FEB1D3190E9F3700F927E1 /* ofxTonic.h */ = {isa = PBXFileReference; fileEncoding = 4; lastKnownFileType = sourcecode.c.h; path = ofxTonic.h; sourceTree = "<group>"; };
		28FEB1D4190E9F3700F927E1 /* ofxTonicSynth.cpp */ = {isa = PBXFileReference; fileEncoding = 4; lastKnownFileType = sourcecode.cpp.cpp; path = ofxTonicSynth.cpp; sourceTree = "<group>"; };
		28FEB1D5190E9F3700F927E1 /* ofxTonicSynth.h */ = {isa = PBXFileReference; fileEncoding = 4; lastKnownFileType = sourcecode.c.h; path = ofxTonicSynth.h; sourceTree = "<group>"; };
		28FEB1D7190E9F3700F927E1 /* ADSR.cpp */ = {isa = PBXFileReference; fileEncoding = 4; lastKnownFileType = sourcecode.cpp.cpp; path = ADSR.cpp; sourceTree = "<group>"; };
		28FEB1D8190E9F3700F927E1 /* ADSR.h */ = {isa = PBXFileReference; fileEncoding = 4; lastKnownFileType = sourcecode.c.h; path = ADSR.h; sourceTree = "<group>"; };
		28FEB1D9190E9F3700F927E1 /* Arithmetic.cpp */ = {isa = PBXFileReference; fileEncoding = 4; lastKnownFileType = sourcecode.cpp.cpp; path = Arithmetic.cpp; sourceTree = "<group>"; };
		28FEB1DA190E9F3700F927E1 /* Arithmetic.h */ = {isa = PBXFileReference; fileEncoding = 4; lastKnownFileType = sourcecode.c.h; path = Arithmetic.h; sourceTree = "<group>"; };
		28FEB1DB190E9F3700F927E1 /* BasicDelay.cpp */ = {isa = PBXFileReference; fileEncoding = 4; lastKnownFileType = sourcecode.cpp.cpp; path = BasicDelay.cpp; sourceTree = "<group>"; };
		28FEB1DC190E9F3700F927E1 /* BasicDelay.h */ = {isa = PBXFileReference; fileEncoding = 4; lastKnownFileType = sourcecode.c.h; path = BasicDelay.h; sourceTree = "<group>"; };
		28FEB1DD190E9F3700F927E1 /* BufferFiller.cpp */ = {isa = PBXFileReference; fileEncoding = 4; lastKnownFileType = sourcecode.cpp.cpp; path = BufferFiller.cpp; sourceTree = "<group>"; };
		28FEB1DE190E9F3700F927E1 /* BufferFiller.h */ = {isa = PBXFileReference; fileEncoding = 4; lastKnownFileType = sourcecode.c.h; path = BufferFiller.h; sourceTree = "<group>"; };
		28FEB1DF190E9F3700F927E1 /* CombFilter.cpp */ = {isa = PBXFileReference; fileEncoding = 4; lastKnownFileType = sourcecode.cpp.cpp; path = CombFilter.cpp; sourceTree = "<group>"; };
		28FEB1E0190E9F3700F927E1 /* CombFilter.h */ = {isa = PBXFileReference; fileEncoding = 4; lastKnownFileType = sourcecode.c.h; path = CombFilter.h; sourceTree = "<group>"; };
		28FEB1E1190E9F3700F927E1 /* CompressorLimiter.cpp */ = {isa = PBXFileReference; fileEncoding = 4; lastKnownFileType = sourcecode.cpp.cpp; path = CompressorLimiter.cpp; sourceTree = "<group>"; };
		28FEB1E2190E9F3700F927E1 /* CompressorLimiter.h */ = {isa = PBXFileReference; fileEncoding = 4; lastKnownFileType = sourcecode.c.h; path = CompressorLimiter.h; sourceTree = "<group>"; };
		28FEB1E3190E9F3700F927E1 /* ControlArithmetic.cpp */ = {isa = PBXFileReference; fileEncoding = 4; lastKnownFileType = sourcecode.cpp.cpp; path = ControlArithmetic.cpp; sourceTree = "<group>"; };
		28FEB1E4190E9F3700F927E1 /* ControlArithmetic.h */ = {isa = PBXFileReference; fileEncoding = 4; lastKnownFileType = sourcecode.c.h; path = ControlArithmetic.h; sourceTree = "<group>"; };
		28FEB1E5190E9F3700F927E1 /* ControlChangeNotifier.cpp */ = {isa = PBXFileReference; fileEncoding = 4; lastKnownFileType = sourcecode.cpp.cpp; path = ControlChangeNotifier.cpp; sourceTree = "<group>"; };
		28FEB1E6190E9F3700F927E1 /* ControlChangeNotifier.h */ = {isa = PBXFileReference; fileEncoding = 4; lastKnownFileType = sourcecode.c.h; path = ControlChangeNotifier.h; sourceTree = "<group>"; };
		28FEB1E7190E9F3700F927E1 /* ControlComparison.cpp */ = {isa = PBXFileReference; fileEncoding = 4; lastKnownFileType = sourcecode.cpp.cpp; path = ControlComparison.cpp; sourceTree = "<group>"; };
		28FEB1E8190E9F3700F927E1 /* ControlComparison.h */ = {isa = PBXFileReference; fileEncoding = 4; lastKnownFileType = sourcecode.c.h; path = ControlComparison.h; sourceTree = "<group>"; };
		28FEB1E9190E9F3700F927E1 /* ControlConditioner.cpp */ = {isa = PBXFileReference; fileEncoding = 4; lastKnownFileType = sourcecode.cpp.cpp; path = ControlConditioner.cpp; sourceTree = "<group>"; };
		28FEB1EA190E9F3700F927E1 /* ControlConditioner.h */ = {isa = PBXFileReference; fileEncoding = 4; lastKnownFileType = sourcecode.c.h; path = ControlConditioner.h; sourceTree = "<group>"; };
		28FEB1EB190E9F3700F927E1 /* ControlCounter.cpp */ = {isa = PBXFileReference; fileEncoding = 4; lastKnownFileType = sourcecode.cpp.cpp; path = ControlCounter.cpp; sourceTree = "<group>"; };
		28FEB1EC190E9F3700F927E1 /* ControlCounter.h */ = {isa = PBXFileReference; fileEncoding = 4; lastKnownFileType = sourcecode.c.h; path = ControlCounter.h; sourceTree = "<group>"; };
		28FEB1ED190E9F3700F927E1 /* ControlDbToLinear.cpp */ = {isa = PBXFileReference; fileEncoding = 4; lastKnownFileType = sourcecode.cpp.cpp; path = ControlDbToLinear.cpp; sourceTree = "<group>"; };
		28FEB1EE190E9F3700F927E1 /* ControlDbToLinear.h */ = {isa = PBXFileReference; fileEncoding = 4; lastKnownFileType = sourcecode.c.h; path = ControlDbToLinear.h; sourceTree = "<group>"; };
		28FEB1EF190E9F3700F927E1 /* ControlDelay.cpp */ = {isa = PBXFileReference; fileEncoding = 4; lastKnownFileType = sourcecode.cpp.cpp; path = ControlDelay.cpp; sourceTree = "<group>"; };
		28FEB1F0190E9F3700F927E1 /* ControlDelay.h */ = {isa = PBXFileReference; fileEncoding = 4; lastKnownFileType = sourcecode.c.h; path = ControlDelay.h; sourceTree = "<group>"; };
		28FEB1F1190E9F3700F927E1 /* ControlFloor.cpp */ = {isa = PBXFileReference; fileEncoding = 4; lastKnownFileType = sourcecode.cpp.cpp; path = ControlFloor.cpp; sourceTree = "<group>"; };
		28FEB1F2190E9F3700F927E1 /* ControlFloor.h */ = {isa = PBXFileReference; fileEncoding = 4; lastKnownFileType = sourcecode.c.h; path = ControlFloor.h; sourceTree = "<group>"; };
		28FEB1F3190E9F3700F927E1 /* ControlGenerator.cpp */ = {isa = PBXFileReference; fileEncoding = 4; lastKnownFileType = sourcecode.cpp.cpp; path = ControlGenerator.cpp; sourceTree = "<group>"; };
		28FEB1F4190E9F3700F927E1 /* ControlGenerator.h */ = {isa = PBXFileReference; fileEncoding = 4; lastKnownFileType = sourcecode.c.h; path = ControlGenerator.h; sourceTree = "<group>"; };
		28FEB1F5190E9F3700F927E1 /* ControlMetro.cpp */ = {isa = PBXFileReference; fileEncoding = 4; lastKnownFileType = sourcecode.cpp.cpp; path = ControlMetro.cpp; sourceTree = "<group>"; };
		28FEB1F6190E9F3700F927E1 /* ControlMetro.h */ = {isa = PBXFileReference; fileEncoding = 4; lastKnownFileType = sourcecode.c.h; path = ControlMetro.h; sourceTree = "<group>"; };
		28FEB1F7190E9F3700F927E1 /* ControlMetroDivider.cpp */ = {isa = PBXFileReference; fileEncoding = 4; lastKnownFileType = sourcecode.cpp.cpp; path = ControlMetroDivider.cpp; sourceTree = "<group>"; };
		28FEB1F8190E9F3700F927E1 /* ControlMetroDivider.h */ = {isa = PBXFileReference; fileEncoding = 4; lastKnownFileType = sourcecode.c.h; path = ControlMetroDivider.h; sourceTree = "<group>"; };
		28FEB1F9190E9F3700F927E1 /* ControlMidiToFreq.cpp */ = {isa = PBXFileReference; fileEncoding = 4; lastKnownFileType = sourcecode.cpp.cpp; path = ControlMidiToFreq.cpp; sourceTree = "<group>"; };
		28FEB1FA190E9F3700F927E1 /* ControlMidiToFreq.h */ = {isa = PBXFileReference; fileEncoding = 4; lastKnownFileType = sourcecode.c.h; path = ControlMidiToFreq.h; sourceTree = "<group>"; };
		28FEB1FB190E9F3700F927E1 /* ControlParameter.cpp */ = {isa = PBXFileReference; fileEncoding = 4; lastKnownFileType = sourcecode.cpp.cpp; path = ControlParameter.cpp; sourceTree = "<group>"; };
		28FEB1FC190E9F3700F927E1 /* ControlParameter.h */ = {isa = PBXFileReference; fileEncoding = 4; lastKnownFileType = sourcecode.c.h; path = ControlParameter.h; sourceTree = "<group>"; };
		28FEB1FD190E9F3700F927E1 /* ControlPrinter.cpp */ = {isa = PBXFileReference; fileEncoding = 4; lastKnownFileType = sourcecode.cpp.cpp; path = ControlPrinter.cpp; sourceTree = "<group>"; };
		28FEB1FE190E9F3700F927E1 /* ControlPrinter.h */ = {isa = PBXFileReference; fileEncoding = 4; lastKnownFileType = sourcecode.c.h; path = ControlPrinter.h; sourceTree = "<group>"; };
		28FEB1FF190E9F3700F927E1 /* ControlPulse.cpp */ = {isa = PBXFileReference; fileEncoding = 4; lastKnownFileType = sourcecode.cpp.cpp; path = ControlPulse.cpp; sourceTree = "<group>"; };
		28FEB200190E9F3700F927E1 /* ControlPulse.h */ = {isa = PBXFileReference; fileEncoding = 4; lastKnownFileType = sourcecode.c.h; path = ControlPulse.h; sourceTree = "<group>"; };
		28FEB201190E9F3700F927E1 /* ControlRandom.cpp */ = {isa = PBXFileReference; fileEncoding = 4; lastKnownFileType = sourcecode.cpp.cpp; path = ControlRandom.cpp; sourceTree = "<group>"; };
		28FEB202190E9F3700F927E1 /* ControlRandom.h */ = {isa = PBXFileReference; fileEncoding = 4; lastKnownFileType = sourcecode.c.h; path = ControlRandom.h; sourceTree = "<group>"; };
		28FEB203190E9F3700F927E1 /* ControlRecorder.cpp */ = {isa = PBXFileReference; fileEncoding = 4; lastKnownFileType = sourcecode.cpp.cpp; path = ControlRecorder.cpp; sourceTree = "<group>"; };
		28FEB204190E9F3700F927E1 /* ControlRecorder.h */ = {isa = PBXFileReference; fileEncoding = 4; lastKnownFileType = sourcecode.c.h; path = ControlRecorder.h; sourceTree = "<group>"; };
		28FEB205190E9F3700F927E1 /* ControlSnapToScale.cpp */ = {isa = PBXFileReference; fileEncoding = 4; lastKnownFileType = sourcecode.cpp.cpp; path = ControlSnapToScale.cpp; sourceTree = "<group>"; };
		28FEB206190E9F3700F927E1 /* ControlSnapToScale.h */ = {isa = PBXFileReference; fileEncoding = 4; lastKnownFileType = sourcecode.c.h; path = ControlSnapToScale.h; sourceTree = "<group>"; };
		28FEB207190E9F3700F927E1 /* ControlStepper.cpp */ = {isa = PBXFileReference; fileEncoding = 4; lastKnownFileType = sourcecode.cpp.cpp; path = ControlStepper.cpp; sourceTree = "<group>"; };
		28FEB208190E9F3700F927E1 /* ControlStepper.h */ = {isa = PBXFileReference; fileEncoding = 4; lastKnownFileType = sourcecode.c.h; path = ControlStepper.h; sourceTree = "<group>"; };
		28FEB209190E9F3700F927E1 /* ControlSwitcher.cpp */ = {isa = PBXFileReference; fileEncoding = 4; lastKnownFileType = sourcecode.cpp.cpp; path = ControlSwitcher.cpp; sourceTree = "<group>"; };
		28FEB20A190E9F3700F927E1 /* ControlSwitcher.h */ = {isa = PBXFileReference; fileEncoding = 4; lastKnownFileType = sourcecode.c.h; path = ControlSwitcher.h; sourceTree = "<group>"; };
		28FEB20B190E9F3700F927E1 /* ControlTrigger.cpp */ = {isa = PBXFileReference; fileEncoding = 4; lastKnownFileType = sourcecode.cpp.cpp; path = ControlTrigger.cpp; sourceTree = "<group>"; };
		28FEB20C190E9F3700F927E1 /* ControlTrigger.h */ = {isa = PBXFileReference; fileEncoding = 4; lastKnownFileType = sourcecode.c.h; path = ControlTrigger.h; sourceTree = "<group>"; };
		28FEB20D190E9F3700F927E1 /* ControlValue.cpp */ = {isa = PBXFileReference; fileEncoding = 4; lastKnownFileType = sourcecode.cpp.cpp; path = ControlValue.cpp; sourceTree = "<group>"; };
		28FEB20E190E9F3700F927E1 /* ControlValue.h */ = {isa = PBXFileReference; fileEncoding = 4; lastKnownFileType = sourcecode.c.h; path = ControlValue.h; sourceTree = "<group>"; };
		28FEB20F190E9F3700F927E1 /* ControlXYSpeed.cpp */ = {isa = PBXFileReference; fileEncoding = 4; lastKnownFileType = sourcecode.cpp.cpp; path = ControlXYSpeed.cpp; sourceTree = "<group>"; };
		28FEB210190E9F3700F927E1 /* ControlXYSpeed.h */ = {isa = PBXFileReference; fileEncoding = 4; lastKnownFileType = sourcecode.c.h; path = ControlXYSpeed.h; sourceTree = "<group>"; };
		28FEB211190E9F3700F927E1 /* DelayUtils.cpp */ = {isa = PBXFileReference; fileEncoding = 4; lastKnownFileType = sourcecode.cpp.cpp; path = DelayUtils.cpp; sourceTree = "<group>"; };
		28FEB212190E9F3700F927E1 /* DelayUtils.h */ = {isa = PBXFileReference; fileEncoding = 4; lastKnownFileType = sourcecode.c.h; path = DelayUtils.h; sourceTree = "<group>"; };
		28FEB213190E9F3700F927E1 /* Effect.cpp */ = {isa = PBXFileReference; fileEncoding = 4; lastKnownFileType = sourcecode.cpp.cpp; path = Effect.cpp; sourceTree = "<group>"; };
		28FEB214190E9F3700F927E1 /* Effect.h */ = {isa = PBXFileReference; fileEncoding = 4; lastKnownFileType = sourcecode.c.h; path = Effect.h; sourceTree = "<group>"; };
		28FEB215190E9F3700F927E1 /* Filters.cpp */ = {isa = PBXFileReference; fileEncoding = 4; lastKnownFileType = sourcecode.cpp.cpp; path = Filters.cpp; sourceTree = "<group>"; };
		28FEB216190E9F3700F927E1 /* Filters.h */ = {isa = PBXFileReference; fileEncoding = 4; lastKnownFileType = sourcecode.c.h; path = Filters.h; sourceTree = "<group>"; };
		28FEB217190E9F3700F927E1 /* FilterUtils.cpp */ = {isa = PBXFileReference; fileEncoding = 4; lastKnownFileType = sourcecode.cpp.cpp; path = FilterUtils.cpp; sourceTree = "<group>"; };
		28FEB218190E9F3700F927E1 /* FilterUtils.h */ = {isa = PBXFileReference; fileEncoding = 4; lastKnownFileType = sourcecode.c.h; path = FilterUtils.h; sourceTree = "<group>"; };
		28FEB219190E9F3700F927E1 /* FixedValue.cpp */ = {isa = PBXFileReference; fileEncoding = 4; lastKnownFileType = sourcecode.cpp.cpp; path = FixedValue.cpp; sourceTree = "<group>"; };
		28FEB21A190E9F3700F927E1 /* FixedValue.h */ = {isa = PBXFileReference; fileEncoding = 4; lastKnownFileType = sourcecode.c.h; path = FixedValue.h; sourceTree = "<group>"; };
		28FEB21B190E9F3700F927E1 /* Generator.cpp */ = {isa = PBXFileReference; fileEncoding = 4; lastKnownFileType = sourcecode.cpp.cpp; path = Generator.cpp; sourceTree = "<group>"; };
		28FEB21C190E9F3700F927E1 /* Generator.h */ = {isa = PBXFileReference; fileEncoding = 4; lastKnownFileType = sourcecode.c.h; path = Generator.h; sourceTree = "<group>"; };
		28FEB21D190E9F3700F927E1 /* LFNoise.cpp */ = {isa = PBXFileReference; fileEncoding = 4; lastKnownFileType = sourcecode.cpp.cpp; path = LFNoise.cpp; sourceTree = "<group>"; };
		28FEB21E190E9F3700F927E1 /* LFNoise.h */ = {isa = PBXFileReference; fileEncoding = 4; lastKnownFileType = sourcecode.c.h; path = LFNoise.h; sourceTree = "<group>"; };
		28FEB21F190E9F3700F927E1 /* Mixer.cpp */ = {isa = PBXFileReference; fileEncoding = 4; lastKnownFileType = sourcecode.cpp.cpp; path = Mixer.cpp; sourceTree = "<group>"; };
		28FEB220190E9F3700F927E1 /* Mixer.h */ = {isa = PBXFileReference; fileEncoding = 4; lastKnownFileType = sourcecode.c.h; path = Mixer.h; sourceTree = "<group>"; };
		28FEB221190E9F3700F927E1 /* MonoToStereoPanner.cpp */ = {isa = PBXFileReference; fileEncoding = 4; lastKnownFileType = sourcecode.cpp.cpp; path = MonoToStereoPanner.cpp; sourceTree = "<group>"; };
		28FEB222190E9F3700F927E1 /* MonoToStereoPanner.h */ = {isa = PBXFileReference; fileEncoding = 4; lastKnownFileType = sourcecode.c.h; path = MonoToStereoPanner.h; sourceTree = "<group>"; };
		28FEB223190E9F3700F927E1 /* Noise.cpp */ = {isa = PBXFileReference; fileEncoding = 4; lastKnownFileType = sourcecode.cpp.cpp; path = Noise.cpp; sourceTree = "<group>"; };
		28FEB224190E9F3700F927E1 /* Noise.h */ = {isa = PBXFileReference; fileEncoding = 4; lastKnownFileType = sourcecode.c.h; path = Noise.h; sourceTree = "<group>"; };
		28FEB225190E9F3700F927E1 /* RampedValue.cpp */ = {isa = PBXFileReference; fileEncoding = 4; lastKnownFileType = sourcecode.cpp.cpp; path = RampedValue.cpp; sourceTree = "<group>"; };
		28FEB226190E9F3700F927E1 /* RampedValue.h */ = {isa = PBXFileReference; fileEncoding = 4; lastKnownFileType = sourcecode.c.h; path = RampedValue.h; sourceTree = "<group>"; };
		28FEB227190E9F3700F927E1 /* RectWave.cpp */ = {isa = PBXFileReference; fileEncoding = 4; lastKnownFileType = sourcecode.cpp.cpp; path = RectWave.cpp; sourceTree = "<group>"; };
		28FEB228190E9F3700F927E1 /* RectWave.h */ = {isa = PBXFileReference; fileEncoding = 4; lastKnownFileType = sourcecode.c.h; path = RectWave.h; sourceTree = "<group>"; };
		28FEB229190E9F3700F927E1 /* Reverb.cpp */ = {isa = PBXFileReference; fileEncoding = 4; lastKnownFileType = sourcecode.cpp.cpp; path = Reverb.cpp; sourceTree = "<group>"; };
		28FEB22A190E9F3700F927E1 /* Reverb.h */ = {isa = PBXFileReference; fileEncoding = 4; lastKnownFileType = sourcecode.c.h; path = Reverb.h; sourceTree = "<group>"; };
		28FEB22B190E9F3700F927E1 /* RingBuffer.cpp */ = {isa = PBXFileReference; fileEncoding = 4; lastKnownFileType = sourcecode.cpp.cpp; path = RingBuffer.cpp; sourceTree = "<group>"; };
		28FEB22C190E9F3700F927E1 /* RingBuffer.h */ = {isa = PBXFileReference; fileEncoding = 4; lastKnownFileType = sourcecode.c.h; path = RingBuffer.h; sourceTree = "<group>"; };
		28FEB22D190E9F3700F927E1 /* SampleTable.cpp */ = {isa = PBXFileReference; fileEncoding = 4; lastKnownFileType = sourcecode.cpp.cpp; path = SampleTable.cpp; sourceTree = "<group>"; };
		28FEB22E190E9F3700F927E1 /* SampleTable.h */ = {isa = PBXFileReference; fileEncoding = 4; lastKnownFileType = sourcecode.c.h; path = SampleTable.h; sourceTree = "<group>"; };
		28FEB22F190E9F3700F927E1 /* SawtoothWave.cpp */ = {isa = PBXFileReference; fileEncoding = 4; lastKnownFileType = sourcecode.cpp.cpp; path = SawtoothWave.cpp; sourceTree = "<group>"; };
		28FEB230190E9F3700F927E1 /* SawtoothWave.h */ = {isa = PBXFileReference; fileEncoding = 4; lastKnownFileType = sourcecode.c.h; path = SawtoothWave.h; sourceTree = "<group>"; };
		28FEB231190E9F3700F927E1 /* SineWave.cpp */ = {isa = PBXFileReference; fileEncoding = 4; lastKnownFileType = sourcecode.cpp.cpp; path = SineWave.cpp; sourceTree = "<group>"; };
		28FEB232190E9F3700F927E1 /* SineWave.h */ = {isa = PBXFileReference; fileEncoding = 4; lastKnownFileType = sourcecode.c.h; path = SineWave.h; sourceTree = "<group>"; };
		28FEB233190E9F3700F927E1 /* SquareWave.h */ = {isa = PBXFileReference; fileEncoding = 4; lastKnownFileType = sourcecode.c.h; path = SquareWave.h; sourceTree = "<group>"; };
		28FEB234190E9F3700F927E1 /* StereoDelay.cpp */ = {isa = PBXFileReference; fileEncoding = 4; lastKnownFileType = sourcecode.cpp.cpp; path = StereoDelay.cpp; sourceTree = "<group>"; };
		28FEB235190E9F3700F927E1 /* StereoDelay.h */ = {isa = PBXFileReference; fileEncoding = 4; lastKnownFileType = sourcecode.c.h; path = StereoDelay.h; sourceTree = "<group>"; };
		28FEB236190E9F3700F927E1 /* Synth.cpp */ = {isa = PBXFileReference; fileEncoding = 4; lastKnownFileType = sourcecode.cpp.cpp; path = Synth.cpp; sourceTree = "<group>"; };
		28FEB237190E9F3700F927E1 /* Synth.h */ = {isa = PBXFileReference; fileEncoding = 4; lastKnownFileType = sourcecode.c.h; path = Synth.h; sourceTree = "<group>"; };
		28FEB238190E9F3700F927E1 /* TableLookupOsc.cpp */ = {isa = PBXFileReference; fileEncoding = 4; lastKnownFileType = sourcecode.cpp.cpp; path = TableLookupOsc.cpp; sourceTree = "<group>"; };
		28FEB239190E9F3700F927E1 /* TableLookupOsc.h */ = {isa = PBXFileReference; fileEncoding = 4; lastKnownFileType = sourcecode.c.h; path = TableLookupOsc.h; sourceTree = "<group>"; };
		28FEB23A190E9F3700F927E1 /* TonicCore.h */ = {isa = PBXFileReference; fileEncoding = 4; lastKnownFileType = sourcecode.c.h; path = TonicCore.h; sourceTree = "<group>"; };
		28FEB23B190E9F3700F927E1 /* TonicFrames.cpp */ = {isa = PBXFileReference; fileEncoding = 4; lastKnownFileType = sourcecode.cpp.cpp; path = TonicFrames.cpp; sourceTree = "<group>"; };
		28FEB23C190E9F3700F927E1 /* TonicFrames.h */ = {isa = PBXFileReference; fileEncoding = 4; lastKnownFileType = sourcecode.c.h; path = TonicFrames.h; sourceTree = "<group>"; };
		28FEB23D190E9F3700F927E1 /* TriangleWave.h */ = {isa = PBXFileReference; fileEncoding = 4; lastKnownFileType = sourcecode.c.h; path = TriangleWave.h; sourceTree = "<group>"; };
		28FEB23E190E9F3700F927E1 /* Tonic.h */ = {isa = PBXFileReference; fileEncoding = 4; lastKnownFileType = sourcecode.c.h; path = Tonic.h; sourceTree = "<group>"; };
		BBAB23BE13894E4700AA2426 /* GLUT.framework */ = {isa = PBXFileReference; lastKnownFileType = wrapper.framework; name = GLUT.framework; path = ../../../libs/glut/lib/osx/GLUT.framework; sourceTree = "<group>"; };
		E4328143138ABC890047C5CB /* openFrameworksLib.xcodeproj */ = {isa = PBXFileReference; lastKnownFileType = "wrapper.pb-project"; name = openFrameworksLib.xcodeproj; path = ../../../libs/openFrameworksCompiled/project/osx/openFrameworksLib.xcodeproj; sourceTree = SOURCE_ROOT; };
		E45BE9710E8CC7DD009D7055 /* AGL.framework */ = {isa = PBXFileReference; lastKnownFileType = wrapper.framework; name = AGL.framework; path = /System/Library/Frameworks/AGL.framework; sourceTree = "<absolute>"; };
		E45BE9720E8CC7DD009D7055 /* ApplicationServices.framework */ = {isa = PBXFileReference; lastKnownFileType = wrapper.framework; name = ApplicationServices.framework; path = /System/Library/Frameworks/ApplicationServices.framework; sourceTree = "<absolute>"; };
		E45BE9730E8CC7DD009D7055 /* AudioToolbox.framework */ = {isa = PBXFileReference; lastKnownFileType = wrapper.framework; name = AudioToolbox.framework; path = /System/Library/Frameworks/AudioToolbox.framework; sourceTree = "<absolute>"; };
		E45BE9740E8CC7DD009D7055 /* Carbon.framework */ = {isa = PBXFileReference; lastKnownFileType = wrapper.framework; name = Carbon.framework; path = /System/Library/Frameworks/Carbon.framework; sourceTree = "<absolute>"; };
		E45BE9750E8CC7DD009D7055 /* CoreAudio.framework */ = {isa = PBXFileReference; lastKnownFileType = wrapper.framework; name = CoreAudio.framework; path = /System/Library/Frameworks/CoreAudio.framework; sourceTree = "<absolute>"; };
		E45BE9760E8CC7DD009D7055 /* CoreFoundation.framework */ = {isa = PBXFileReference; lastKnownFileType = wrapper.framework; name = CoreFoundation.framework; path = /System/Library/Frameworks/CoreFoundation.framework; sourceTree = "<absolute>"; };
		E45BE9770E8CC7DD009D7055 /* CoreServices.framework */ = {isa = PBXFileReference; lastKnownFileType = wrapper.framework; name = CoreServices.framework; path = /System/Library/Frameworks/CoreServices.framework; sourceTree = "<absolute>"; };
		E45BE9790E8CC7DD009D7055 /* OpenGL.framework */ = {isa = PBXFileReference; lastKnownFileType = wrapper.framework; name = OpenGL.framework; path = /System/Library/Frameworks/OpenGL.framework; sourceTree = "<absolute>"; };
		E45BE97A0E8CC7DD009D7055 /* QuickTime.framework */ = {isa = PBXFileReference; lastKnownFileType = wrapper.framework; name = QuickTime.framework; path = /System/Library/Frameworks/QuickTime.framework; sourceTree = "<absolute>"; };
		E4B69B5B0A3A1756003C02F2 /* openFrameworksWaveformDebug.app */ = {isa = PBXFileReference; explicitFileType = wrapper.application; includeInIndex = 0; path = openFrameworksWaveformDebug.app; sourceTree = BUILT_PRODUCTS_DIR; };
		E4B69E1D0A3A1BDC003C02F2 /* main.cpp */ = {isa = PBXFileReference; fileEncoding = 30; lastKnownFileType = sourcecode.cpp.cpp; name = main.cpp; path = src/main.cpp; sourceTree = SOURCE_ROOT; };
		E4B69E1E0A3A1BDC003C02F2 /* testApp.cpp */ = {isa = PBXFileReference; explicitFileType = sourcecode.cpp.cpp; fileEncoding = 30; name = testApp.cpp; path = src/testApp.cpp; sourceTree = SOURCE_ROOT; };
		E4B69E1F0A3A1BDC003C02F2 /* testApp.h */ = {isa = PBXFileReference; fileEncoding = 30; lastKnownFileType = sourcecode.c.h; name = testApp.h; path = src/testApp.h; sourceTree = SOURCE_ROOT; };
		E4B6FCAD0C3E899E008CF71C /* openFrameworks-Info.plist */ = {isa = PBXFileReference; fileEncoding = 30; lastKnownFileType = text.plist.xml; path = "openFrameworks-Info.plist"; sourceTree = "<group>"; };
		E4C2424410CC5A17004149E2 /* AppKit.framework */ = {isa = PBXFileReference; lastKnownFileType = wrapper.framework; name = AppKit.framework; path = /System/Library/Frameworks/AppKit.framework; sourceTree = "<absolute>"; };
		E4C2424510CC5A17004149E2 /* Cocoa.framework */ = {isa = PBXFileReference; lastKnownFileType = wrapper.framework; name = Cocoa.framework; path = /System/Library/Frameworks/Cocoa.framework; sourceTree = "<absolute>"; };
		E4C2424610CC5A17004149E2 /* IOKit.framework */ = {isa = PBXFileReference; lastKnownFileType = wrapper.framework; name = IOKit.framework; path = /System/Library/Frameworks/IOKit.framework; sourceTree = "<absolute>"; };
		E4EB691F138AFCF100A09F29 /* CoreOF.xcconfig */ = {isa = PBXFileReference; fileEncoding = 4; lastKnownFileType = text.xcconfig; name = CoreOF.xcconfig; path = ../../../libs/openFrameworksCompiled/project/osx/CoreOF.xcconfig; sourceTree = SOURCE_ROOT; };
		E4EB6923138AFD0F00A09F29 /* Project.xcconfig */ = {isa = PBXFileReference; fileEncoding = 4; lastKnownFileType = text.xcconfig; path = Project.xcconfig; sourceTree = "<group>"; };
		E7E077E415D3B63C0020DFD4 /* CoreVideo.framework */ = {isa = PBXFileReference; lastKnownFileType = wrapper.framework; name = CoreVideo.framework; path = /System/Library/Frameworks/CoreVideo.framework; sourceTree = "<absolute>"; };
		E7E077E715D3B6510020DFD4 /* QTKit.framework */ = {isa = PBXFileReference; lastKnownFileType = wrapper.framework; name = QTKit.framework; path = /System/Library/Frameworks/QTKit.framework; sourceTree = "<absolute>"; };
		E7F985F515E0DE99003869B5 /* Accelerate.framework */ = {isa = PBXFileReference; lastKnownFileType = wrapper.framework; name = Accelerate.framework; path = /System/Library/Frameworks/Accelerate.framework; sourceTree = "<absolute>"; };
/* End PBXFileReference section */

/* Begin PBXFrameworksBuildPhase section */
		E4B69B590A3A1756003C02F2 /* Frameworks */ = {
			isa = PBXFrameworksBuildPhase;
			buildActionMask = 2147483647;
			files = (
				E7F985F815E0DEA3003869B5 /* Accelerate.framework in Frameworks */,
				E7E077E815D3B6510020DFD4 /* QTKit.framework in Frameworks */,
				E4EB6799138ADC1D00A09F29 /* GLUT.framework in Frameworks */,
				E4328149138ABC9F0047C5CB /* openFrameworksDebug.a in Frameworks */,
				E45BE97B0E8CC7DD009D7055 /* AGL.framework in Frameworks */,
				E45BE97C0E8CC7DD009D7055 /* ApplicationServices.framework in Frameworks */,
				E45BE97D0E8CC7DD009D7055 /* AudioToolbox.framework in Frameworks */,
				E45BE97E0E8CC7DD009D7055 /* Carbon.framework in Frameworks */,
				E45BE97F0E8CC7DD009D7055 /* CoreAudio.framework in Frameworks */,
				E45BE9800E8CC7DD009D7055 /* CoreFoundation.framework in Frameworks */,
				E45BE9810E8CC7DD009D7055 /* CoreServices.framework in Frameworks */,
				E45BE9830E8CC7DD009D7055 /* OpenGL.framework in Frameworks */,
				E45BE9840E8CC7DD009D7055 /* QuickTime.framework in Frameworks */,
				E4C2424710CC5A17004149E2 /* AppKit.framework in Frameworks */,
				E4C2424810CC5A17004149E2 /* Cocoa.framework in Frameworks */,
				E4C2424910CC5A17004149E2 /* IOKit.framework in Frameworks */,
				E7E077E515D3B63C0020DFD4 /* CoreVideo.framework in Frameworks */,
			);
			runOnlyForDeploymentPostprocessing = 0;
		};
/* End PBXFrameworksBuildPhase section */

/* Begin PBXGroup section */
		28FEB1A1190E9F3700F927E1 /* ofxTonic */ = {
			isa = PBXGroup;
			children = (
				28FEB1D2190E9F3700F927E1 /* src */,
			);
			name = ofxTonic;
			path = ../../../../of_v0.8.0_osx_release/addons/ofxTonic;
			sourceTree = "<group>";
		};
		28FEB1D2190E9F3700F927E1 /* src */ = {
			isa = PBXGroup;
			children = (
				28FEB1D3190E9F3700F927E1 /* ofxTonic.h */,
				28FEB1D4190E9F3700F927E1 /* ofxTonicSynth.cpp */,
				28FEB1D5190E9F3700F927E1 /* ofxTonicSynth.h */,
				28FEB1D6190E9F3700F927E1 /* Tonic */,
				28FEB23E190E9F3700F927E1 /* Tonic.h */,
			);
			path = src;
			sourceTree = "<group>";
		};
		28FEB1D6190E9F3700F927E1 /* Tonic */ = {
			isa = PBXGroup;
			children = (
				28FEB1D7190E9F3700F927E1 /* ADSR.cpp */,
				28FEB1D8190E9F3700F927E1 /* ADSR.h */,
				28FEB1D9190E9F3700F927E1 /* Arithmetic.cpp */,
				28FEB1DA190E9F3700F927E1 /* Arithmetic.h */,
				28FEB1DB190E9F3700F927E1 /* BasicDelay.cpp */,
				28FEB1DC190E9F3700F927E1 /* BasicDelay.h */,
				28FEB1DD190E9F3700F927E1 /* BufferFiller.cpp */,
				28FEB1DE190E9F3700F927E1 /* BufferFiller.h */,
				28FEB1DF190E9F3700F927E1 /* CombFilter.cpp */,
				28FEB1E0190E9F3700F927E1 /* CombFilter.h */,
				28FEB1E1190E9F3700F927E1 /* CompressorLimiter.cpp */,
				28FEB1E2190E9F3700F927E1 /* CompressorLimiter.h */,
				28FEB1E3190E9F3700F927E1 /* ControlArithmetic.cpp */,
				28FEB1E4190E9F3700F927E1 /* ControlArithmetic.h */,
				28FEB1E5190E9F3700F927E1 /* ControlChangeNotifier.cpp */,
				28FEB1E6190E9F3700F927E1 /* ControlChangeNotifier.h */,
				28FEB1E7190E9F3700F927E1 /* ControlComparison.cpp */,
				28FEB1E8190E9F3700F927E1 /* ControlComparison.h */,
				28FEB1E9190E9F3700F927E1 /* ControlConditioner.cpp */,
				28FEB1EA190E9F3700F927E1 /* ControlConditioner.h */,
				28FEB1EB190E9F3700F927E1 /* ControlCounter.cpp */,
				28FEB1EC190E9F3700F927E1 /* ControlCounter.h */,
				28FEB1ED190E9F3700F927E1 /* ControlDbToLinear.cpp */,
				28FEB1EE190E9F3700F927E1 /* ControlDbToLinear.h */,
				28FEB1EF190E9F3700F927E1 /* ControlDelay.cpp */,
				28FEB1F0190E9F3700F927E1 /* ControlDelay.h */,
				28FEB1F1190E9F3700F927E1 /* ControlFloor.cpp */,
				28FEB1F2190E9F3700F927E1 /* ControlFloor.h */,
				28FEB1F3190E9F3700F927E1 /* ControlGenerator.cpp */,
				28FEB1F4190E9F3700F927E1 /* ControlGenerator.h */,
				28FEB1F5190E9F3700F927E1 /* ControlMetro.cpp */,
				28FEB1F6190E9F3700F927E1 /* ControlMetro.h */,
				28FEB1F7190E9F3700F927E1 /* ControlMetroDivider.cpp */,
				28FEB1F8190E9F3700F927E1 /* ControlMetroDivider.h */,
				28FEB1F9190E9F3700F927E1 /* ControlMidiToFreq.cpp */,
				28FEB1FA190E9F3700F927E1 /* ControlMidiToFreq.h */,
				28FEB1FB190E9F3700F927E1 /* ControlParameter.cpp */,
				28FEB1FC190E9F3700F927E1 /* ControlParameter.h */,
				28FEB1FD190E9F3700F927E1 /* ControlPrinter.cpp */,
				28FEB1FE190E9F3700F927E1 /* ControlPrinter.h */,
				28FEB1FF190E9F3700F927E1 /* ControlPulse.cpp */,
				28FEB200190E9F3700F927E1 /* ControlPulse.h */,
				28FEB201190E9F3700F927E1 /* ControlRandom.cpp */,
				28FEB202190E9F3700F927E1 /* ControlRandom.h */,
				28FEB203190E9F3700F927E1 /* ControlRecorder.cpp */,
				28FEB204190E9F3700F927E1 /* ControlRecorder.h */,
				28FEB205190E9F3700F927E1 /* ControlSnapToScale.cpp */,
				28FEB206190E9F3700F927E1 /* ControlSnapToScale.h */,
				28FEB207190E9F3700F927E1 /* ControlStepper.cpp */,
				28FEB208190E9F3700F927E1 /* ControlStepper.h */,
				28FEB209190E9F3700F927E1 /* ControlSwitcher.cpp */,
				28FEB20A190E9F3700F927E1 /* ControlSwitcher.h */,
				28FEB20B190E9F3700F927E1 /* ControlTrigger.cpp */,
				28FEB20C190E9F3700F927E1 /* ControlTrigger.h */,
				28FEB20D190E9F3700F927E1 /* ControlValue.cpp */,
				28FEB20E190E9F3700F927E1 /* ControlValue.h */,
				28FEB20F190E9F3700F927E1 /* ControlXYSpeed.cpp */,
				28FEB210190E9F3700F927E1 /* ControlXYSpeed.h */,
				28FEB211190E9F3700F927E1 /* DelayUtils.cpp */,
				28FEB212190E9F3700F927E1 /* DelayUtils.h */,
				28FEB213190E9F3700F927E1 /* Effect.cpp */,
				28FEB214190E9F3700F927E1 /* Effect.h */,
				28FEB215190E9F3700F927E1 /* Filters.cpp */,
				28FEB216190E9F3700F927E1 /* Filters.h */,
				28FEB217190E9F3700F927E1 /* FilterUtils.cpp */,
				28FEB218190E9F3700F927E1 /* FilterUtils.h */,
				28FEB219190E9F3700F927E1 /* FixedValue.cpp */,
				28FEB21A190E9F3700F927E1 /* FixedValue.h */,
				28FEB21B190E9F3700F927E1 /* Generator.cpp */,
				28FEB21C190E9F3700F927E1 /* Generator.h */,
				28FEB21D190E9F3700F927E1 /* LFNoise.cpp */,
				28FEB21E190E9F3700F927E1 /* LFNoise.h */,
				28FEB21F190E9F3700F927E1 /* Mixer.cpp */,
				28FEB220190E9F3700F927E1 /* Mixer.h */,
				28FEB221190E9F3700F927E1 /* MonoToStereoPanner.cpp */,
				28FEB222190E9F3700F927E1 /* MonoToStereoPanner.h */,
				28FEB223190E9F3700F927E1 /* Noise.cpp */,
				28FEB224190E9F3700F927E1 /* Noise.h */,
				28FEB225190E9F3700F927E1 /* RampedValue.cpp */,
				28FEB226190E9F3700F927E1 /* RampedValue.h */,
				28FEB227190E9F3700F927E1 /* RectWave.cpp */,
				28FEB228190E9F3700F927E1 /* RectWave.h */,
				28FEB229190E9F3700F927E1 /* Reverb.cpp */,
				28FEB22A190E9F3700F927E1 /* Reverb.h */,
				28FEB22B190E9F3700F927E1 /* RingBuffer.cpp */,
				28FEB22C190E9F3700F927E1 /* RingBuffer.h */,
				28FEB22D190E9F3700F927E1 /* SampleTable.cpp */,
				28FEB22E190E9F3700F927E1 /* SampleTable.h */,
				28FEB22F190E9F3700F927E1 /* SawtoothWave.cpp */,
				28FEB230190E9F3700F927E1 /* SawtoothWave.h */,
				28FEB231190E9F3700F927E1 /* SineWave.cpp */,
				28FEB232190E9F3700F927E1 /* SineWave.h */,
				28FEB233190E9F3700F927E1 /* SquareWave.h */,
				28FEB234190E9F3700F927E1 /* StereoDelay.cpp */,
				28FEB235190E9F3700F927E1 /* StereoDelay.h */,
				28FEB236190E9F3700F927E1 /* Synth.cpp */,
				28FEB237190E9F3700F927E1 /* Synth.h */,
				28FEB238190E9F3700F927E1 /* TableLookupOsc.cpp */,
				28FEB239190E9F3700F927E1 /* TableLookupOsc.h */,
				28FEB23A190E9F3700F927E1 /* TonicCore.h */,
				28FEB23B190E9F3700F927E1 /* TonicFrames.cpp */,
				28FEB23C190E9F3700F927E1 /* TonicFrames.h */,
				28FEB23D190E9F3700F927E1 /* TriangleWave.h */,
			);
			path = Tonic;
			sourceTree = "<group>";
		};
		BB4B014C10F69532006C3DED /* addons */ = {
			isa = PBXGroup;
			children = (
				28FEB1A1190E9F3700F927E1 /* ofxTonic */,
			);
			name = addons;
			sourceTree = "<group>";
		};
		BBAB23C913894ECA00AA2426 /* system frameworks */ = {
			isa = PBXGroup;
			children = (
				E7F985F515E0DE99003869B5 /* Accelerate.framework */,
				E4C2424410CC5A17004149E2 /* AppKit.framework */,
				E4C2424510CC5A17004149E2 /* Cocoa.framework */,
				E4C2424610CC5A17004149E2 /* IOKit.framework */,
				E45BE9710E8CC7DD009D7055 /* AGL.framework */,
				E45BE9720E8CC7DD009D7055 /* ApplicationServices.framework */,
				E45BE9730E8CC7DD009D7055 /* AudioToolbox.framework */,
				E45BE9740E8CC7DD009D7055 /* Carbon.framework */,
				E45BE9750E8CC7DD009D7055 /* CoreAudio.framework */,
				E45BE9760E8CC7DD009D7055 /* CoreFoundation.framework */,
				E45BE9770E8CC7DD009D7055 /* CoreServices.framework */,
				E45BE9790E8CC7DD009D7055 /* OpenGL.framework */,
				E45BE97A0E8CC7DD009D7055 /* QuickTime.framework */,
				E7E077E415D3B63C0020DFD4 /* CoreVideo.framework */,
				E7E077E715D3B6510020DFD4 /* QTKit.framework */,
			);
			name = "system frameworks";
			sourceTree = "<group>";
		};
		BBAB23CA13894EDB00AA2426 /* 3rd party frameworks */ = {
			isa = PBXGroup;
			children = (
				BBAB23BE13894E4700AA2426 /* GLUT.framework */,
			);
			name = "3rd party frameworks";
			sourceTree = "<group>";
		};
		E4328144138ABC890047C5CB /* Products */ = {
			isa = PBXGroup;
			children = (
				E4328148138ABC890047C5CB /* openFrameworksDebug.a */,
			);
			name = Products;
			sourceTree = "<group>";
		};
		E45BE5980E8CC70C009D7055 /* frameworks */ = {
			isa = PBXGroup;
			children = (
				BBAB23CA13894EDB00AA2426 /* 3rd party frameworks */,
				BBAB23C913894ECA00AA2426 /* system frameworks */,
			);
			name = frameworks;
			sourceTree = "<group>";
		};
		E4B69B4A0A3A1720003C02F2 = {
			isa = PBXGroup;
			children = (
				E4B6FCAD0C3E899E008CF71C /* openFrameworks-Info.plist */,
				E4EB6923138AFD0F00A09F29 /* Project.xcconfig */,
				E4B69E1C0A3A1BDC003C02F2 /* src */,
				E4EEC9E9138DF44700A80321 /* openFrameworks */,
				BB4B014C10F69532006C3DED /* addons */,
				E45BE5980E8CC70C009D7055 /* frameworks */,
				E4B69B5B0A3A1756003C02F2 /* openFrameworksWaveformDebug.app */,
			);
			sourceTree = "<group>";
		};
		E4B69E1C0A3A1BDC003C02F2 /* src */ = {
			isa = PBXGroup;
			children = (
				E4B69E1D0A3A1BDC003C02F2 /* main.cpp */,
				E4B69E1E0A3A1BDC003C02F2 /* testApp.cpp */,
				E4B69E1F0A3A1BDC003C02F2 /* testApp.h */,
			);
			path = src;
			sourceTree = SOURCE_ROOT;
		};
		E4EEC9E9138DF44700A80321 /* openFrameworks */ = {
			isa = PBXGroup;
			children = (
				E4EB691F138AFCF100A09F29 /* CoreOF.xcconfig */,
				E4328143138ABC890047C5CB /* openFrameworksLib.xcodeproj */,
			);
			name = openFrameworks;
			sourceTree = "<group>";
		};
/* End PBXGroup section */

/* Begin PBXNativeTarget section */
		E4B69B5A0A3A1756003C02F2 /* openFrameworksWaveform */ = {
			isa = PBXNativeTarget;
			buildConfigurationList = E4B69B5F0A3A1757003C02F2 /* Build configuration list for PBXNativeTarget "openFrameworksWaveform" */;
			buildPhases = (
				E4B69B580A3A1756003C02F2 /* Sources */,
				E4B69B590A3A1756003C02F2 /* Frameworks */,
				E4B6FFFD0C3F9AB9008CF71C /* ShellScript */,
				E4C2427710CC5ABF004149E2 /* CopyFiles */,
			);
			buildRules = (
			);
			dependencies = (
				E4EEB9AC138B136A00A80321 /* PBXTargetDependency */,
			);
			name = openFrameworksWaveform;
			productName = myOFApp;
			productReference = E4B69B5B0A3A1756003C02F2 /* openFrameworksWaveformDebug.app */;
			productType = "com.apple.product-type.application";
		};
/* End PBXNativeTarget section */

/* Begin PBXProject section */
		E4B69B4C0A3A1720003C02F2 /* Project object */ = {
			isa = PBXProject;
			attributes = {
				LastUpgradeCheck = 0460;
			};
			buildConfigurationList = E4B69B4D0A3A1720003C02F2 /* Build configuration list for PBXProject "openFrameworksWaveform" */;
			compatibilityVersion = "Xcode 3.2";
			developmentRegion = English;
			hasScannedForEncodings = 0;
			knownRegions = (
				English,
				Japanese,
				French,
				German,
			);
			mainGroup = E4B69B4A0A3A1720003C02F2;
			productRefGroup = E4B69B4A0A3A1720003C02F2;
			projectDirPath = "";
			projectReferences = (
				{
					ProductGroup = E4328144138ABC890047C5CB /* Products */;
					ProjectRef = E4328143138ABC890047C5CB /* openFrameworksLib.xcodeproj */;
				},
			);
			projectRoot = "";
			targets = (
				E4B69B5A0A3A1756003C02F2 /* openFrameworksWaveform */,
			);
		};
/* End PBXProject section */

/* Begin PBXReferenceProxy section */
		E4328148138ABC890047C5CB /* openFrameworksDebug.a */ = {
			isa = PBXReferenceProxy;
			fileType = archive.ar;
			path = openFrameworksDebug.a;
			remoteRef = E4328147138ABC890047C5CB /* PBXContainerItemProxy */;
			sourceTree = BUILT_PRODUCTS_DIR;
		};
/* End PBXReferenceProxy section */

/* Begin PBXShellScriptBuildPhase section */
		E4B6FFFD0C3F9AB9008CF71C /* ShellScript */ = {
			isa = PBXShellScriptBuildPhase;
			buildActionMask = 2147483647;
			files = (
			);
			inputPaths = (
			);
			outputPaths = (
			);
			runOnlyForDeploymentPostprocessing = 0;
			shellPath = /bin/sh;
			shellScript = "cp -f ../../../libs/fmodex/lib/osx/libfmodex.dylib \"$TARGET_BUILD_DIR/$PRODUCT_NAME.app/Contents/MacOS/libfmodex.dylib\"; install_name_tool -change ./libfmodex.dylib @executable_path/libfmodex.dylib \"$TARGET_BUILD_DIR/$PRODUCT_NAME.app/Contents/MacOS/$PRODUCT_NAME\";\nmkdir -p \"$TARGET_BUILD_DIR/$PRODUCT_NAME.app/Contents/Resources/\"\ncp -f \"$ICON_FILE\" \"$TARGET_BUILD_DIR/$PRODUCT_NAME.app/Contents/Resources/\"\n";
		};
/* End PBXShellScriptBuildPhase section */

/* Begin PBXSourcesBuildPhase section */
		E4B69B580A3A1756003C02F2 /* Sources */ = {
			isa = PBXSourcesBuildPhase;
			buildActionMask = 2147483647;
			files = (
				E4B69E200A3A1BDC003C02F2 /* main.cpp in Sources */,
				E4B69E210A3A1BDC003C02F2 /* testApp.cpp in Sources */,
				28FEB25E190E9F3800F927E1 /* ofxTonicSynth.cpp in Sources */,
				28FEB25F190E9F3800F927E1 /* ADSR.cpp in Sources */,
				28FEB260190E9F3800F927E1 /* Arithmetic.cpp in Sources */,
				28FEB261190E9F3800F927E1 /* BasicDelay.cpp in Sources */,
				28FEB262190E9F3800F927E1 /* BufferFiller.cpp in Sources */,
				28FEB263190E9F3800F927E1 /* CombFilter.cpp in Sources */,
				28FEB264190E9F3800F927E1 /* CompressorLimiter.cpp in Sources */,
				28FEB265190E9F3800F927E1 /* ControlArithmetic.cpp in Sources */,
				28FEB266190E9F3800F927E1 /* ControlChangeNotifier.cpp in Sources */,
				28FEB267190E9F3800F927E1 /* ControlComparison.cpp in Sources */,
				28FEB268190E9F3800F927E1 /* ControlConditioner.cpp in Sources */,
				28FEB269190E9F3800F927E1 /* ControlCounter.cpp in Sources */,
				28FEB26A190E9F3800F927E1 /* ControlDbToLinear.cpp in Sources */,
				28FEB26B190E9F3800F927E1 /* ControlDelay.cpp in Sources */,
				28FEB26C190E9F3800F927E1 /* ControlFloor.cpp in Sources */,
				28FEB26D190E9F3800F927E1 /* ControlGenerator.cpp in Sources */,
				28FEB26E190E9F3800F927E1 /* ControlMetro.cpp in Sources */,
				28FEB26F190E9F3800F927E1 /* ControlMetroDivider.cpp in Sources */,
				28FEB270190E9F3800F927E1 /* ControlMidiToFreq.cpp in Sources */,
				28FEB271190E9F3800F927E1 /* ControlParameter.cpp in Sources */,
				28FEB272190E9F3800F927E1 /* ControlPrinter.cpp in Sources */,
				28FEB273190E9F3800F927E1 /* ControlPulse.cpp in Sources */,
				28FEB274190E9F3800F927E1 /* ControlRandom.cpp in Sources */,
				28FEB275190E9F3800F927E1 /* ControlRecorder.cpp in Sources */,
				28FEB276190E9F3800F927E1 /* ControlSnapToScale.cpp in Sources */,
				28FEB277190E9F3800F927E1 /* ControlStepper.cpp in Sources */,
				28FEB278190E9F3800F927E1 /* ControlSwitcher.cpp in Sources */,
				28FEB279190E9F3800F927E1 /* ControlTrigger.cpp in Sources */,
				28FEB27A190E9F3800F927E1 /* ControlValue.cpp in Sources */,
				28FEB27B190E9F3800F927E1 /* ControlXYSpeed.cpp in Sources */,
				28FEB27C190E9F3800F927E1 /* DelayUtils.cpp in Sources */,
				28FEB27D190E9F3800F927E1 /* Effect.cpp in Sources */,
				28FEB27E190E9F3800F927E1 /* Filters.cpp in Sources */,
				28FEB27F190E9F3800F927E1 /* FilterUtils.cpp in Sources */,
				28FEB280190E9F3800F927E1 /* FixedValue.cpp in Sources */,
				28FEB281190E9F3800F927E1 /* Generator.cpp in Sources */,
				28FEB282190E9F3800F927E1 /* LFNoise.cpp in Sources */,
				28FEB283190E9F3800F927E1 /* Mixer.cpp in Sources */,
				28FEB284190E9F3800F927E1 /* MonoToStereoPanner.cpp in Sources */,
				28FEB285190E9F3800F927E1 /* Noise.cpp in Sources */,
				28FEB286190E9F3800F927E1 /* RampedValue.cpp in Sources */,
				28FEB287190E9F3800F927E1 /* RectWave.cpp in Sources */,
				28FEB288190E9F3800F927E1 /* Reverb.cpp in Sources */,
				28FEB289190E9F3800F927E1 /* RingBuffer.cpp in Sources */,
				28FEB28A190E9F3800F927E1 /* SampleTable.cpp in Sources */,
				28FEB28B190E9F3800F927E1 /* SawtoothWave.cpp in Sources */,
				28FEB28C190E9F3800F927E1 /* SineWave.cpp in Sources */,
				28FEB28D190E9F3800F927E1 /* StereoDelay.cpp in Sources */,
				28FEB28E190E9F3800F927E1 /* Synth.cpp in Sources */,
				28FEB28F190E9F3800F927E1 /* TableLookupOsc.cpp in Sources */,
				28FEB290190E9F3800F927E1 /* TonicFrames.cpp in Sources */,
			);
			runOnlyForDeploymentPostprocessing = 0;
		};
/* End PBXSourcesBuildPhase section */

/* Begin PBXTargetDependency section */
		E4EEB9AC138B136A00A80321 /* PBXTargetDependency */ = {
			isa = PBXTargetDependency;
			name = openFrameworks;
			targetProxy = E4EEB9AB138B136A00A80321 /* PBXContainerItemProxy */;
		};
/* End PBXTargetDependency section */

/* Begin XCBuildConfiguration section */
		E4B69B4E0A3A1720003C02F2 /* Debug */ = {
			isa = XCBuildConfiguration;
			baseConfigurationReference = E4EB6923138AFD0F00A09F29 /* Project.xcconfig */;
			buildSettings = {
				ARCHS = "$(NATIVE_ARCH)";
				CONFIGURATION_BUILD_DIR = "$(SRCROOT)/bin/";
				COPY_PHASE_STRIP = NO;
				DEAD_CODE_STRIPPING = YES;
				GCC_AUTO_VECTORIZATION = YES;
				GCC_ENABLE_SSE3_EXTENSIONS = YES;
				GCC_ENABLE_SUPPLEMENTAL_SSE3_INSTRUCTIONS = YES;
				GCC_INLINES_ARE_PRIVATE_EXTERN = NO;
				GCC_OPTIMIZATION_LEVEL = 0;
				GCC_SYMBOLS_PRIVATE_EXTERN = NO;
				GCC_WARN_ABOUT_DEPRECATED_FUNCTIONS = YES;
				GCC_WARN_ABOUT_INVALID_OFFSETOF_MACRO = NO;
				GCC_WARN_ALLOW_INCOMPLETE_PROTOCOL = NO;
				GCC_WARN_UNINITIALIZED_AUTOS = NO;
				GCC_WARN_UNUSED_VALUE = NO;
				GCC_WARN_UNUSED_VARIABLE = NO;
				HEADER_SEARCH_PATHS = (
					"$(OF_CORE_HEADERS)",
					../../../addons/ofxTonic/libs,
					../../../addons/ofxTonic/src,
					../../../addons/ofxTonic/src/Tonic,
				);
				MACOSX_DEPLOYMENT_TARGET = 10.6;
				OTHER_CPLUSPLUSFLAGS = (
					"-D__MACOSX_CORE__",
					"-lpthread",
					"-mtune=native",
				);
				SDKROOT = macosx;
			};
			name = Debug;
		};
		E4B69B4F0A3A1720003C02F2 /* Release */ = {
			isa = XCBuildConfiguration;
			baseConfigurationReference = E4EB6923138AFD0F00A09F29 /* Project.xcconfig */;
			buildSettings = {
				ARCHS = "$(NATIVE_ARCH)";
				CONFIGURATION_BUILD_DIR = "$(SRCROOT)/bin/";
				COPY_PHASE_STRIP = YES;
				DEAD_CODE_STRIPPING = YES;
				GCC_AUTO_VECTORIZATION = YES;
				GCC_ENABLE_SSE3_EXTENSIONS = YES;
				GCC_ENABLE_SUPPLEMENTAL_SSE3_INSTRUCTIONS = YES;
				GCC_INLINES_ARE_PRIVATE_EXTERN = NO;
				GCC_OPTIMIZATION_LEVEL = 3;
				GCC_SYMBOLS_PRIVATE_EXTERN = NO;
				GCC_UNROLL_LOOPS = YES;
				GCC_WARN_ABOUT_DEPRECATED_FUNCTIONS = YES;
				GCC_WARN_ABOUT_INVALID_OFFSETOF_MACRO = NO;
				GCC_WARN_ALLOW_INCOMPLETE_PROTOCOL = NO;
				GCC_WARN_UNINITIALIZED_AUTOS = NO;
				GCC_WARN_UNUSED_VALUE = NO;
				GCC_WARN_UNUSED_VARIABLE = NO;
				HEADER_SEARCH_PATHS = (
					"$(OF_CORE_HEADERS)",
					../../../addons/ofxTonic/libs,
					../../../addons/ofxTonic/src,
					../../../addons/ofxTonic/src/Tonic,
				);
				MACOSX_DEPLOYMENT_TARGET = 10.6;
				OTHER_CPLUSPLUSFLAGS = (
					"-D__MACOSX_CORE__",
					"-lpthread",
					"-mtune=native",
				);
				SDKROOT = macosx;
			};
			name = Release;
		};
		E4B69B600A3A1757003C02F2 /* Debug */ = {
			isa = XCBuildConfiguration;
			buildSettings = {
				COMBINE_HIDPI_IMAGES = YES;
				COPY_PHASE_STRIP = NO;
				FRAMEWORK_SEARCH_PATHS = (
					"$(inherited)",
					"$(FRAMEWORK_SEARCH_PATHS_QUOTED_FOR_TARGET_1)",
				);
				FRAMEWORK_SEARCH_PATHS_QUOTED_FOR_TARGET_1 = "\"$(SRCROOT)/../../../libs/glut/lib/osx\"";
				GCC_DYNAMIC_NO_PIC = NO;
				GCC_GENERATE_DEBUGGING_SYMBOLS = YES;
				GCC_MODEL_TUNING = NONE;
				ICON = "$(ICON_NAME_DEBUG)";
				ICON_FILE = "$(ICON_FILE_PATH)$(ICON)";
				INFOPLIST_FILE = "openFrameworks-Info.plist";
				INSTALL_PATH = "$(HOME)/Applications";
				LIBRARY_SEARCH_PATHS = (
					"$(inherited)",
					"$(LIBRARY_SEARCH_PATHS_QUOTED_FOR_TARGET_1)",
					"$(LIBRARY_SEARCH_PATHS_QUOTED_FOR_TARGET_2)",
					"$(LIBRARY_SEARCH_PATHS_QUOTED_FOR_TARGET_3)",
					"$(LIBRARY_SEARCH_PATHS_QUOTED_FOR_TARGET_4)",
					"$(LIBRARY_SEARCH_PATHS_QUOTED_FOR_TARGET_5)",
					"$(LIBRARY_SEARCH_PATHS_QUOTED_FOR_TARGET_6)",
					"$(LIBRARY_SEARCH_PATHS_QUOTED_FOR_TARGET_7)",
					"$(LIBRARY_SEARCH_PATHS_QUOTED_FOR_TARGET_8)",
					"$(LIBRARY_SEARCH_PATHS_QUOTED_FOR_TARGET_9)",
					"$(LIBRARY_SEARCH_PATHS_QUOTED_FOR_TARGET_10)",
					"$(LIBRARY_SEARCH_PATHS_QUOTED_FOR_TARGET_11)",
					"$(LIBRARY_SEARCH_PATHS_QUOTED_FOR_TARGET_12)",
					"$(LIBRARY_SEARCH_PATHS_QUOTED_FOR_TARGET_13)",
					"$(LIBRARY_SEARCH_PATHS_QUOTED_FOR_TARGET_14)",
					"$(LIBRARY_SEARCH_PATHS_QUOTED_FOR_TARGET_15)",
					"$(LIBRARY_SEARCH_PATHS_QUOTED_FOR_TARGET_2)",
					"$(LIBRARY_SEARCH_PATHS_QUOTED_FOR_TARGET_3)",
					"$(LIBRARY_SEARCH_PATHS_QUOTED_FOR_TARGET_7)",
					"$(LIBRARY_SEARCH_PATHS_QUOTED_FOR_TARGET_8)",
					"$(LIBRARY_SEARCH_PATHS_QUOTED_FOR_TARGET_9)",
					"$(LIBRARY_SEARCH_PATHS_QUOTED_FOR_TARGET_10)",
					"$(LIBRARY_SEARCH_PATHS_QUOTED_FOR_TARGET_11)",
					"$(LIBRARY_SEARCH_PATHS_QUOTED_FOR_TARGET_12)",
					"$(LIBRARY_SEARCH_PATHS_QUOTED_FOR_TARGET_13)",
					"$(LIBRARY_SEARCH_PATHS_QUOTED_FOR_TARGET_16)",
					"$(LIBRARY_SEARCH_PATHS_QUOTED_FOR_TARGET_17)",
					"$(LIBRARY_SEARCH_PATHS_QUOTED_FOR_TARGET_18)",
					"$(LIBRARY_SEARCH_PATHS_QUOTED_FOR_TARGET_19)",
					"$(LIBRARY_SEARCH_PATHS_QUOTED_FOR_TARGET_20)",
					"$(LIBRARY_SEARCH_PATHS_QUOTED_FOR_TARGET_21)",
					"$(LIBRARY_SEARCH_PATHS_QUOTED_FOR_TARGET_22)",
					"$(LIBRARY_SEARCH_PATHS_QUOTED_FOR_TARGET_23)",
					"$(LIBRARY_SEARCH_PATHS_QUOTED_FOR_TARGET_24)",
					"$(LIBRARY_SEARCH_PATHS_QUOTED_FOR_TARGET_25)",
					"$(LIBRARY_SEARCH_PATHS_QUOTED_FOR_TARGET_26)",
					"$(LIBRARY_SEARCH_PATHS_QUOTED_FOR_TARGET_27)",
					"$(LIBRARY_SEARCH_PATHS_QUOTED_FOR_TARGET_28)",
					"$(LIBRARY_SEARCH_PATHS_QUOTED_FOR_TARGET_29)",
					"$(LIBRARY_SEARCH_PATHS_QUOTED_FOR_TARGET_30)",
					"$(LIBRARY_SEARCH_PATHS_QUOTED_FOR_TARGET_31)",
					"$(LIBRARY_SEARCH_PATHS_QUOTED_FOR_TARGET_32)",
					"$(LIBRARY_SEARCH_PATHS_QUOTED_FOR_TARGET_33)",
					"$(LIBRARY_SEARCH_PATHS_QUOTED_FOR_TARGET_34)",
					"$(LIBRARY_SEARCH_PATHS_QUOTED_FOR_TARGET_35)",
					"$(LIBRARY_SEARCH_PATHS_QUOTED_FOR_TARGET_36)",
					"$(LIBRARY_SEARCH_PATHS_QUOTED_FOR_TARGET_37)",
					"$(LIBRARY_SEARCH_PATHS_QUOTED_FOR_TARGET_38)",
					"$(LIBRARY_SEARCH_PATHS_QUOTED_FOR_TARGET_39)",
					"$(LIBRARY_SEARCH_PATHS_QUOTED_FOR_TARGET_40)",
					"$(LIBRARY_SEARCH_PATHS_QUOTED_FOR_TARGET_41)",
					"$(LIBRARY_SEARCH_PATHS_QUOTED_FOR_TARGET_42)",
					"$(LIBRARY_SEARCH_PATHS_QUOTED_FOR_TARGET_43)",
					"$(LIBRARY_SEARCH_PATHS_QUOTED_FOR_TARGET_44)",
					"$(LIBRARY_SEARCH_PATHS_QUOTED_FOR_TARGET_45)",
					"$(LIBRARY_SEARCH_PATHS_QUOTED_FOR_TARGET_46)",
					"$(LIBRARY_SEARCH_PATHS_QUOTED_FOR_TARGET_47)",
					"$(LIBRARY_SEARCH_PATHS_QUOTED_FOR_TARGET_48)",
					"$(LIBRARY_SEARCH_PATHS_QUOTED_FOR_TARGET_49)",
					"$(LIBRARY_SEARCH_PATHS_QUOTED_FOR_TARGET_50)",
					"$(LIBRARY_SEARCH_PATHS_QUOTED_FOR_TARGET_51)",
					"$(LIBRARY_SEARCH_PATHS_QUOTED_FOR_TARGET_52)",
				);
				PRODUCT_NAME = openFrameworksWaveformDebug;
				SDKROOT = macosx10.8;
				WRAPPER_EXTENSION = app;
			};
			name = Debug;
		};
		E4B69B610A3A1757003C02F2 /* Release */ = {
			isa = XCBuildConfiguration;
			buildSettings = {
				COMBINE_HIDPI_IMAGES = YES;
				COPY_PHASE_STRIP = YES;
				FRAMEWORK_SEARCH_PATHS = (
					"$(inherited)",
					"$(FRAMEWORK_SEARCH_PATHS_QUOTED_FOR_TARGET_1)",
				);
				FRAMEWORK_SEARCH_PATHS_QUOTED_FOR_TARGET_1 = "\"$(SRCROOT)/../../../libs/glut/lib/osx\"";
				GCC_GENERATE_DEBUGGING_SYMBOLS = YES;
				GCC_MODEL_TUNING = NONE;
				ICON = "$(ICON_NAME_RELEASE)";
				ICON_FILE = "$(ICON_FILE_PATH)$(ICON)";
				INFOPLIST_FILE = "openFrameworks-Info.plist";
				INSTALL_PATH = "$(HOME)/Applications";
				LIBRARY_SEARCH_PATHS = (
					"$(inherited)",
					"$(LIBRARY_SEARCH_PATHS_QUOTED_FOR_TARGET_1)",
					"$(LIBRARY_SEARCH_PATHS_QUOTED_FOR_TARGET_2)",
					"$(LIBRARY_SEARCH_PATHS_QUOTED_FOR_TARGET_3)",
					"$(LIBRARY_SEARCH_PATHS_QUOTED_FOR_TARGET_4)",
					"$(LIBRARY_SEARCH_PATHS_QUOTED_FOR_TARGET_5)",
					"$(LIBRARY_SEARCH_PATHS_QUOTED_FOR_TARGET_6)",
					"$(LIBRARY_SEARCH_PATHS_QUOTED_FOR_TARGET_7)",
					"$(LIBRARY_SEARCH_PATHS_QUOTED_FOR_TARGET_8)",
					"$(LIBRARY_SEARCH_PATHS_QUOTED_FOR_TARGET_9)",
					"$(LIBRARY_SEARCH_PATHS_QUOTED_FOR_TARGET_10)",
					"$(LIBRARY_SEARCH_PATHS_QUOTED_FOR_TARGET_11)",
					"$(LIBRARY_SEARCH_PATHS_QUOTED_FOR_TARGET_12)",
					"$(LIBRARY_SEARCH_PATHS_QUOTED_FOR_TARGET_13)",
					"$(LIBRARY_SEARCH_PATHS_QUOTED_FOR_TARGET_14)",
					"$(LIBRARY_SEARCH_PATHS_QUOTED_FOR_TARGET_15)",
					"$(LIBRARY_SEARCH_PATHS_QUOTED_FOR_TARGET_2)",
					"$(LIBRARY_SEARCH_PATHS_QUOTED_1)",
					"$(LIBRARY_SEARCH_PATHS_QUOTED_FOR_TARGET_3)",
					"$(LIBRARY_SEARCH_PATHS_QUOTED_FOR_TARGET_7)",
					"$(LIBRARY_SEARCH_PATHS_QUOTED_FOR_TARGET_8)",
					"$(LIBRARY_SEARCH_PATHS_QUOTED_FOR_TARGET_9)",
					"$(LIBRARY_SEARCH_PATHS_QUOTED_FOR_TARGET_10)",
					"$(LIBRARY_SEARCH_PATHS_QUOTED_FOR_TARGET_11)",
					"$(LIBRARY_SEARCH_PATHS_QUOTED_FOR_TARGET_12)",
					"$(LIBRARY_SEARCH_PATHS_QUOTED_FOR_TARGET_13)",
					"$(LIBRARY_SEARCH_PATHS_QUOTED_FOR_TARGET_16)",
					"$(LIBRARY_SEARCH_PATHS_QUOTED_FOR_TARGET_17)",
					"$(LIBRARY_SEARCH_PATHS_QUOTED_FOR_TARGET_18)",
					"$(LIBRARY_SEARCH_PATHS_QUOTED_FOR_TARGET_19)",
					"$(LIBRARY_SEARCH_PATHS_QUOTED_FOR_TARGET_20)",
					"$(LIBRARY_SEARCH_PATHS_QUOTED_FOR_TARGET_21)",
					"$(LIBRARY_SEARCH_PATHS_QUOTED_FOR_TARGET_22)",
					"$(LIBRARY_SEARCH_PATHS_QUOTED_FOR_TARGET_23)",
					"$(LIBRARY_SEARCH_PATHS_QUOTED_FOR_TARGET_24)",
					"$(LIBRARY_SEARCH_PATHS_QUOTED_FOR_TARGET_25)",
					"$(LIBRARY_SEARCH_PATHS_QUOTED_FOR_TARGET_26)",
					"$(LIBRARY_SEARCH_PATHS_QUOTED_FOR_TARGET_27)",
					"$(LIBRARY_SEARCH_PATHS_QUOTED_FOR_TARGET_28)",
					"$(LIBRARY_SEARCH_PATHS_QUOTED_FOR_TARGET_29)",
					"$(LIBRARY_SEARCH_PATHS_QUOTED_FOR_TARGET_30)",
					"$(LIBRARY_SEARCH_PATHS_QUOTED_FOR_TARGET_31)",
					"$(LIBRARY_SEARCH_PATHS_QUOTED_FOR_TARGET_32)",
					"$(LIBRARY_SEARCH_PATHS_QUOTED_FOR_TARGET_33)",
					"$(LIBRARY_SEARCH_PATHS_QUOTED_FOR_TARGET_34)",
					"$(LIBRARY_SEARCH_PATHS_QUOTED_FOR_TARGET_35)",
					"$(LIBRARY_SEARCH_PATHS_QUOTED_FOR_TARGET_36)",
					"$(LIBRARY_SEARCH_PATHS_QUOTED_FOR_TARGET_37)",
					"$(LIBRARY_SEARCH_PATHS_QUOTED_FOR_TARGET_38)",
					"$(LIBRARY_SEARCH_PATHS_QUOTED_FOR_TARGET_39)",
					"$(LIBRARY_SEARCH_PATHS_QUOTED_FOR_TARGET_40)",
					"$(LIBRARY_SEARCH_PATHS_QUOTED_FOR_TARGET_41)",
					"$(LIBRARY_SEARCH_PATHS_QUOTED_FOR_TARGET_42)",
					"$(LIBRARY_SEARCH_PATHS_QUOTED_FOR_TARGET_43)",
					"$(LIBRARY_SEARCH_PATHS_QUOTED_FOR_TARGET_44)",
					"$(LIBRARY_SEARCH_PATHS_QUOTED_FOR_TARGET_45)",
					"$(LIBRARY_SEARCH_PATHS_QUOTED_FOR_TARGET_46)",
					"$(LIBRARY_SEARCH_PATHS_QUOTED_FOR_TARGET_47)",
					"$(LIBRARY_SEARCH_PATHS_QUOTED_FOR_TARGET_48)",
					"$(LIBRARY_SEARCH_PATHS_QUOTED_FOR_TARGET_49)",
					"$(LIBRARY_SEARCH_PATHS_QUOTED_FOR_TARGET_50)",
					"$(LIBRARY_SEARCH_PATHS_QUOTED_FOR_TARGET_51)",
				);
				PRODUCT_NAME = openFrameworksWaveform;
				SDKROOT = macosx10.8;
				WRAPPER_EXTENSION = app;
			};
			name = Release;
		};
/* End XCBuildConfiguration section */

/* Begin XCConfigurationList section */
		E4B69B4D0A3A1720003C02F2 /* Build configuration list for PBXProject "openFrameworksWaveform" */ = {
			isa = XCConfigurationList;
			buildConfigurations = (
				E4B69B4E0A3A1720003C02F2 /* Debug */,
				E4B69B4F0A3A1720003C02F2 /* Release */,
			);
			defaultConfigurationIsVisible = 0;
			defaultConfigurationName = Release;
		};
		E4B69B5F0A3A1757003C02F2 /* Build configuration list for PBXNativeTarget "openFrameworksWaveform" */ = {
			isa = XCConfigurationList;
			buildConfigurations = (
				E4B69B600A3A1757003C02F2 /* Debug */,
				E4B69B610A3A1757003C02F2 /* Release */,
			);
			defaultConfigurationIsVisible = 0;
			defaultConfigurationName = Release;
		};
/* End XCConfigurationList section */
	};
	rootObject = E4B69B4C0A3A1720003C02F2 /* Project object */;
}
