// !$*UTF8*$!
{
	archiveVersion = 1;
	classes = {
	};
	objectVersion = 46;
	objects = {

/* Begin PBXBuildFile section */
		08A6D973887595CDADAF4FD7 /* ControlSnapToScale.cpp in Sources */ = {isa = PBXBuildFile; fileRef = 03534BF03E1FEEDFCA986E14 /* ControlSnapToScale.cpp */; };
		190A67A17C3BB24DB37DD44F /* Generator.cpp in Sources */ = {isa = PBXBuildFile; fileRef = 73EFFC1B6385265BB25A321D /* Generator.cpp */; };
		234661DE137E48CF52BC5886 /* DelayUtils.cpp in Sources */ = {isa = PBXBuildFile; fileRef = 468236C41BF7AEA58BC8F27D /* DelayUtils.cpp */; };
		23E21567BA4C43105A9339A9 /* ControlTrigger.cpp in Sources */ = {isa = PBXBuildFile; fileRef = 7168589C85E02BDE46E4D1F1 /* ControlTrigger.cpp */; };
		2CE855FA9BE7AC5BB1024308 /* RingBuffer.cpp in Sources */ = {isa = PBXBuildFile; fileRef = FD28E2D7F19057D05148E286 /* RingBuffer.cpp */; };
		310BB1AD9E8C5EDD0F0CA370 /* ControlMetroDivider.cpp in Sources */ = {isa = PBXBuildFile; fileRef = 9A02B10B2C029F200DF63D72 /* ControlMetroDivider.cpp */; };
		356D4B680053685FE09C381B /* Synth.cpp in Sources */ = {isa = PBXBuildFile; fileRef = 6098632AA51D25D3FBA5B699 /* Synth.cpp */; };
		36E37A49AF9F9F219E5E63ED /* ControlParameter.cpp in Sources */ = {isa = PBXBuildFile; fileRef = B0124AC6A11F35F1B18FCFD5 /* ControlParameter.cpp */; };
		3A0CDB804AFFD643D5E7FDA1 /* ControlXYSpeed.cpp in Sources */ = {isa = PBXBuildFile; fileRef = 0777B63CCC82F5205799A654 /* ControlXYSpeed.cpp */; };
		3D6F4383B3859873D055D7F5 /* ControlCounter.cpp in Sources */ = {isa = PBXBuildFile; fileRef = B3B9C5B8F26032F8C3A6D7D8 /* ControlCounter.cpp */; };
		3F63B4CE561C9ADEF941D745 /* ControlRecorder.cpp in Sources */ = {isa = PBXBuildFile; fileRef = 4E4AEC87B93B4D8DD9E210A8 /* ControlRecorder.cpp */; };
		45C0F0010A3C5C850DD0ADCE /* SineWave.cpp in Sources */ = {isa = PBXBuildFile; fileRef = 21C5A241041A3ED5052CE4A1 /* SineWave.cpp */; };
		4833BD459D3123366D3528F0 /* FixedValue.cpp in Sources */ = {isa = PBXBuildFile; fileRef = DA940AB65E694852A4445693 /* FixedValue.cpp */; };
		507BEC86EF35AAA2F6C91520 /* SampleTable.cpp in Sources */ = {isa = PBXBuildFile; fileRef = CB6F4829BDF57C516A335B45 /* SampleTable.cpp */; };
		5649CF5FEB98D7F1C4A0815E /* ControlMetro.cpp in Sources */ = {isa = PBXBuildFile; fileRef = E96E870C4145622E8AFB8D70 /* ControlMetro.cpp */; };
		613570C868C725D3793F33D9 /* Mixer.cpp in Sources */ = {isa = PBXBuildFile; fileRef = 695C4690BBFEAD1AED50B2F2 /* Mixer.cpp */; };
		61FB003EA31E8CC722F7A0EF /* ControlStepper.cpp in Sources */ = {isa = PBXBuildFile; fileRef = AC361B46FBD15811B251D6F8 /* ControlStepper.cpp */; };
		625A58C885E761753345831F /* LFNoise.cpp in Sources */ = {isa = PBXBuildFile; fileRef = 7CD0A5DB6CE3801FED02387A /* LFNoise.cpp */; };
		64F4AA5FD33A2E65D8E17217 /* Reverb.cpp in Sources */ = {isa = PBXBuildFile; fileRef = 0349252FBB436CDC2E6A694F /* Reverb.cpp */; };
		687619414A00F0D4EDA9E897 /* ControlDbToLinear.cpp in Sources */ = {isa = PBXBuildFile; fileRef = 7890C9E0B3C853711884EB42 /* ControlDbToLinear.cpp */; };
		6A33212F7D8BC75F53361169 /* CompressorLimiter.cpp in Sources */ = {isa = PBXBuildFile; fileRef = 321FC44080A75AD7A1E79D2E /* CompressorLimiter.cpp */; };
		6BBC287AB24A076787C83135 /* RampedValue.cpp in Sources */ = {isa = PBXBuildFile; fileRef = A1CF6E3E5E4B05A101E2F6E1 /* RampedValue.cpp */; };
		6F28F56BB8B8CC2050FE656F /* ControlMidiToFreq.cpp in Sources */ = {isa = PBXBuildFile; fileRef = B5B923FA6048C8D2737DDFC2 /* ControlMidiToFreq.cpp */; };
		6FCAE57DA591456638D24BA3 /* StereoDelay.cpp in Sources */ = {isa = PBXBuildFile; fileRef = E1943C13AEB5FD77273B3C72 /* StereoDelay.cpp */; };
		7117CFB4C5AA56555CD4B687 /* ControlDelay.cpp in Sources */ = {isa = PBXBuildFile; fileRef = 914B990983A7F60F69D7488F /* ControlDelay.cpp */; };
		7573AC1CDADE011131CF4541 /* TonicFrames.cpp in Sources */ = {isa = PBXBuildFile; fileRef = 3D1CC6C1763B553DEFDDD420 /* TonicFrames.cpp */; };
		7F10C60DBDE2E4FFD7F244DB /* TableLookupOsc.cpp in Sources */ = {isa = PBXBuildFile; fileRef = 6B61B2028CC70AFF71A9E65C /* TableLookupOsc.cpp */; };
		88F0141963F235083C77F226 /* BufferFiller.cpp in Sources */ = {isa = PBXBuildFile; fileRef = D8D5E467EBBF786CB8A4F7FB /* BufferFiller.cpp */; };
		8B72AE5AA49843C668896D2D /* ControlValue.cpp in Sources */ = {isa = PBXBuildFile; fileRef = 4EE282E831795B8D17A8C4FA /* ControlValue.cpp */; };
		92AE3EF9D1E9798885317D7E /* ADSR.cpp in Sources */ = {isa = PBXBuildFile; fileRef = 4F283396E9D4DB2EE1F3D5C6 /* ADSR.cpp */; };
		98576F60E227C1D99FE2F41A /* BasicDelay.cpp in Sources */ = {isa = PBXBuildFile; fileRef = E746A5674F1A5642F7D5CFF0 /* BasicDelay.cpp */; };
		9DB461599923EDAAA53F7320 /* ControlPrinter.cpp in Sources */ = {isa = PBXBuildFile; fileRef = FA3806E5CC3407A997C05CEC /* ControlPrinter.cpp */; };
		A08D9CF6078FDA57A7CE04C4 /* ofxTonicSynth.cpp in Sources */ = {isa = PBXBuildFile; fileRef = 4D93B72FD7946A3E4E687039 /* ofxTonicSynth.cpp */; };
		AA6DAFB687721C5B4E20A079 /* Effect.cpp in Sources */ = {isa = PBXBuildFile; fileRef = 3D4945007AB93F050CE3306F /* Effect.cpp */; };
		ADB13F2F0A60004CE918CB1A /* ControlArithmetic.cpp in Sources */ = {isa = PBXBuildFile; fileRef = 8CFCB9E703483B63052DAFE7 /* ControlArithmetic.cpp */; };
		AF105C709E912C65638F8CAC /* Noise.cpp in Sources */ = {isa = PBXBuildFile; fileRef = F391CB3C993783D08B18BE62 /* Noise.cpp */; };
		BA79E1F539E83C64A29B4AE7 /* ControlComparison.cpp in Sources */ = {isa = PBXBuildFile; fileRef = 4A5282B59FE55EEED7421C06 /* ControlComparison.cpp */; };
		BBAB23CB13894F3D00AA2426 /* GLUT.framework in CopyFiles */ = {isa = PBXBuildFile; fileRef = BBAB23BE13894E4700AA2426 /* GLUT.framework */; };
		C86222C2F07C6F4623CEDCD5 /* ControlConditioner.cpp in Sources */ = {isa = PBXBuildFile; fileRef = 5C302CDCEF3B434D523B564E /* ControlConditioner.cpp */; };
		CCF589C179C92C095BA6EE9D /* MonoToStereoPanner.cpp in Sources */ = {isa = PBXBuildFile; fileRef = 605CE146F51F0DD0489F20C8 /* MonoToStereoPanner.cpp */; };
		CF630867D44E3A6D5C97DF69 /* ControlRandom.cpp in Sources */ = {isa = PBXBuildFile; fileRef = 67D49948EBA7B86CF87C4847 /* ControlRandom.cpp */; };
		D42E8EBCEE4BC7491949F8E5 /* ControlChangeNotifier.cpp in Sources */ = {isa = PBXBuildFile; fileRef = 43BC9427F5801A209DFBF842 /* ControlChangeNotifier.cpp */; };
		D4A9ADF52DC2FA5CFFD80A51 /* Arithmetic.cpp in Sources */ = {isa = PBXBuildFile; fileRef = 42E48CAFEA52DD61687DF683 /* Arithmetic.cpp */; };
		E4328149138ABC9F0047C5CB /* openFrameworksDebug.a in Frameworks */ = {isa = PBXBuildFile; fileRef = E4328148138ABC890047C5CB /* openFrameworksDebug.a */; };
		E45BE97B0E8CC7DD009D7055 /* AGL.framework in Frameworks */ = {isa = PBXBuildFile; fileRef = E45BE9710E8CC7DD009D7055 /* AGL.framework */; };
		E45BE97C0E8CC7DD009D7055 /* ApplicationServices.framework in Frameworks */ = {isa = PBXBuildFile; fileRef = E45BE9720E8CC7DD009D7055 /* ApplicationServices.framework */; };
		E45BE97D0E8CC7DD009D7055 /* AudioToolbox.framework in Frameworks */ = {isa = PBXBuildFile; fileRef = E45BE9730E8CC7DD009D7055 /* AudioToolbox.framework */; };
		E45BE97E0E8CC7DD009D7055 /* Carbon.framework in Frameworks */ = {isa = PBXBuildFile; fileRef = E45BE9740E8CC7DD009D7055 /* Carbon.framework */; };
		E45BE97F0E8CC7DD009D7055 /* CoreAudio.framework in Frameworks */ = {isa = PBXBuildFile; fileRef = E45BE9750E8CC7DD009D7055 /* CoreAudio.framework */; };
		E45BE9800E8CC7DD009D7055 /* CoreFoundation.framework in Frameworks */ = {isa = PBXBuildFile; fileRef = E45BE9760E8CC7DD009D7055 /* CoreFoundation.framework */; };
		E45BE9810E8CC7DD009D7055 /* CoreServices.framework in Frameworks */ = {isa = PBXBuildFile; fileRef = E45BE9770E8CC7DD009D7055 /* CoreServices.framework */; };
		E45BE9830E8CC7DD009D7055 /* OpenGL.framework in Frameworks */ = {isa = PBXBuildFile; fileRef = E45BE9790E8CC7DD009D7055 /* OpenGL.framework */; };
		E45BE9840E8CC7DD009D7055 /* QuickTime.framework in Frameworks */ = {isa = PBXBuildFile; fileRef = E45BE97A0E8CC7DD009D7055 /* QuickTime.framework */; };
		E4B69E200A3A1BDC003C02F2 /* main.cpp in Sources */ = {isa = PBXBuildFile; fileRef = E4B69E1D0A3A1BDC003C02F2 /* main.cpp */; };
		E4B69E210A3A1BDC003C02F2 /* testApp.cpp in Sources */ = {isa = PBXBuildFile; fileRef = E4B69E1E0A3A1BDC003C02F2 /* testApp.cpp */; };
		E4C2424710CC5A17004149E2 /* AppKit.framework in Frameworks */ = {isa = PBXBuildFile; fileRef = E4C2424410CC5A17004149E2 /* AppKit.framework */; };
		E4C2424810CC5A17004149E2 /* Cocoa.framework in Frameworks */ = {isa = PBXBuildFile; fileRef = E4C2424510CC5A17004149E2 /* Cocoa.framework */; };
		E4C2424910CC5A17004149E2 /* IOKit.framework in Frameworks */ = {isa = PBXBuildFile; fileRef = E4C2424610CC5A17004149E2 /* IOKit.framework */; };
		E4EB6799138ADC1D00A09F29 /* GLUT.framework in Frameworks */ = {isa = PBXBuildFile; fileRef = BBAB23BE13894E4700AA2426 /* GLUT.framework */; };
		E77DAA583475EFFC0A1B338B /* Filters.cpp in Sources */ = {isa = PBXBuildFile; fileRef = B979FCAC35BBE495D29574B6 /* Filters.cpp */; };
		E7E077E515D3B63C0020DFD4 /* CoreVideo.framework in Frameworks */ = {isa = PBXBuildFile; fileRef = E7E077E415D3B63C0020DFD4 /* CoreVideo.framework */; };
		E7E077E815D3B6510020DFD4 /* QTKit.framework in Frameworks */ = {isa = PBXBuildFile; fileRef = E7E077E715D3B6510020DFD4 /* QTKit.framework */; };
		E7F985F815E0DEA3003869B5 /* Accelerate.framework in Frameworks */ = {isa = PBXBuildFile; fileRef = E7F985F515E0DE99003869B5 /* Accelerate.framework */; };
		E829B9DA6F7132C5F8EA8A0C /* CombFilter.cpp in Sources */ = {isa = PBXBuildFile; fileRef = 9E278DFBC397EBC840CFE588 /* CombFilter.cpp */; };
		EAD9C423EB4CAE8B808F52BB /* FilterUtils.cpp in Sources */ = {isa = PBXBuildFile; fileRef = 2D9CBFAD8F8687EA9E43B832 /* FilterUtils.cpp */; };
		F0A517320CB42849A4A4A2C7 /* ControlPulse.cpp in Sources */ = {isa = PBXBuildFile; fileRef = 9B98C32AEFD6FCEF7D470224 /* ControlPulse.cpp */; };
		F7DBF98108C24B1D576DE0E6 /* ControlSwitcher.cpp in Sources */ = {isa = PBXBuildFile; fileRef = 84466286B8E03BE7D2AE88DF /* ControlSwitcher.cpp */; };
		F7E2CD66D34E349722F77978 /* ControlGenerator.cpp in Sources */ = {isa = PBXBuildFile; fileRef = BA1A28B41F62F3FDCF0A67CE /* ControlGenerator.cpp */; };
		FB0CEC2120B7ECC76CA7681F /* RectWave.cpp in Sources */ = {isa = PBXBuildFile; fileRef = 2E90A19ED1C18D71FCFF4311 /* RectWave.cpp */; };
		FC664DBA581A9170D7221E80 /* ControlFloor.cpp in Sources */ = {isa = PBXBuildFile; fileRef = A2CF9DA1939F4FBF25F5464C /* ControlFloor.cpp */; };
		FEA5296A25F0CE0014A38A0D /* SawtoothWave.cpp in Sources */ = {isa = PBXBuildFile; fileRef = C1291F0DE19D1635A4F0CD3D /* SawtoothWave.cpp */; };
/* End PBXBuildFile section */

/* Begin PBXContainerItemProxy section */
		E4328147138ABC890047C5CB /* PBXContainerItemProxy */ = {
			isa = PBXContainerItemProxy;
			containerPortal = E4328143138ABC890047C5CB /* openFrameworksLib.xcodeproj */;
			proxyType = 2;
			remoteGlobalIDString = E4B27C1510CBEB8E00536013;
			remoteInfo = openFrameworks;
		};
		E4EEB9AB138B136A00A80321 /* PBXContainerItemProxy */ = {
			isa = PBXContainerItemProxy;
			containerPortal = E4328143138ABC890047C5CB /* openFrameworksLib.xcodeproj */;
			proxyType = 1;
			remoteGlobalIDString = E4B27C1410CBEB8E00536013;
			remoteInfo = openFrameworks;
		};
/* End PBXContainerItemProxy section */

/* Begin PBXCopyFilesBuildPhase section */
		E4C2427710CC5ABF004149E2 /* CopyFiles */ = {
			isa = PBXCopyFilesBuildPhase;
			buildActionMask = 2147483647;
			dstPath = "";
			dstSubfolderSpec = 10;
			files = (
				BBAB23CB13894F3D00AA2426 /* GLUT.framework in CopyFiles */,
			);
			runOnlyForDeploymentPostprocessing = 0;
		};
/* End PBXCopyFilesBuildPhase section */

/* Begin PBXFileReference section */
		0349252FBB436CDC2E6A694F /* Reverb.cpp */ = {isa = PBXFileReference; explicitFileType = sourcecode.cpp.cpp; fileEncoding = 30; name = Reverb.cpp; path = ../../../addons/ofxTonic/src/Tonic/Reverb.cpp; sourceTree = SOURCE_ROOT; };
		03534BF03E1FEEDFCA986E14 /* ControlSnapToScale.cpp */ = {isa = PBXFileReference; explicitFileType = sourcecode.cpp.cpp; fileEncoding = 30; name = ControlSnapToScale.cpp; path = ../../../addons/ofxTonic/src/Tonic/ControlSnapToScale.cpp; sourceTree = SOURCE_ROOT; };
		0777B63CCC82F5205799A654 /* ControlXYSpeed.cpp */ = {isa = PBXFileReference; explicitFileType = sourcecode.cpp.cpp; fileEncoding = 30; name = ControlXYSpeed.cpp; path = ../../../addons/ofxTonic/src/Tonic/ControlXYSpeed.cpp; sourceTree = SOURCE_ROOT; };
		08886C8DDE0817841F243631 /* ControlRecorder.h */ = {isa = PBXFileReference; explicitFileType = sourcecode.c.h; fileEncoding = 30; name = ControlRecorder.h; path = ../../../addons/ofxTonic/src/Tonic/ControlRecorder.h; sourceTree = SOURCE_ROOT; };
		0B526CAFB9743B54BB3F5CE9 /* TonicCore.h */ = {isa = PBXFileReference; explicitFileType = sourcecode.c.h; fileEncoding = 30; name = TonicCore.h; path = ../../../addons/ofxTonic/src/Tonic/TonicCore.h; sourceTree = SOURCE_ROOT; };
		1502C03C48800273C68D9BB5 /* Tonic.h */ = {isa = PBXFileReference; explicitFileType = sourcecode.c.h; fileEncoding = 30; name = Tonic.h; path = ../../../addons/ofxTonic/src/Tonic.h; sourceTree = SOURCE_ROOT; };
		1BF769F5FB3452E1B2AB9B33 /* ControlCounter.h */ = {isa = PBXFileReference; explicitFileType = sourcecode.c.h; fileEncoding = 30; name = ControlCounter.h; path = ../../../addons/ofxTonic/src/Tonic/ControlCounter.h; sourceTree = SOURCE_ROOT; };
		1CB151730663DA88C0A57A2A /* ofxTonic.h */ = {isa = PBXFileReference; explicitFileType = sourcecode.c.h; fileEncoding = 30; name = ofxTonic.h; path = ../../../addons/ofxTonic/src/ofxTonic.h; sourceTree = SOURCE_ROOT; };
		1CD3D323E0C0D04E978F2CD0 /* ControlArithmetic.h */ = {isa = PBXFileReference; explicitFileType = sourcecode.c.h; fileEncoding = 30; name = ControlArithmetic.h; path = ../../../addons/ofxTonic/src/Tonic/ControlArithmetic.h; sourceTree = SOURCE_ROOT; };
		21C5A241041A3ED5052CE4A1 /* SineWave.cpp */ = {isa = PBXFileReference; explicitFileType = sourcecode.cpp.cpp; fileEncoding = 30; name = SineWave.cpp; path = ../../../addons/ofxTonic/src/Tonic/SineWave.cpp; sourceTree = SOURCE_ROOT; };
		2CEF666C08A2DE98DF95A12F /* MonoToStereoPanner.h */ = {isa = PBXFileReference; explicitFileType = sourcecode.c.h; fileEncoding = 30; name = MonoToStereoPanner.h; path = ../../../addons/ofxTonic/src/Tonic/MonoToStereoPanner.h; sourceTree = SOURCE_ROOT; };
		2D9CBFAD8F8687EA9E43B832 /* FilterUtils.cpp */ = {isa = PBXFileReference; explicitFileType = sourcecode.cpp.cpp; fileEncoding = 30; name = FilterUtils.cpp; path = ../../../addons/ofxTonic/src/Tonic/FilterUtils.cpp; sourceTree = SOURCE_ROOT; };
		2E90A19ED1C18D71FCFF4311 /* RectWave.cpp */ = {isa = PBXFileReference; explicitFileType = sourcecode.cpp.cpp; fileEncoding = 30; name = RectWave.cpp; path = ../../../addons/ofxTonic/src/Tonic/RectWave.cpp; sourceTree = SOURCE_ROOT; };
		321FC44080A75AD7A1E79D2E /* CompressorLimiter.cpp */ = {isa = PBXFileReference; explicitFileType = sourcecode.cpp.cpp; fileEncoding = 30; name = CompressorLimiter.cpp; path = ../../../addons/ofxTonic/src/Tonic/CompressorLimiter.cpp; sourceTree = SOURCE_ROOT; };
		3352F8B118C428B1BDB71B25 /* SineWave.h */ = {isa = PBXFileReference; explicitFileType = sourcecode.c.h; fileEncoding = 30; name = SineWave.h; path = ../../../addons/ofxTonic/src/Tonic/SineWave.h; sourceTree = SOURCE_ROOT; };
		33E08D9F0A5900C70C810E93 /* FilterUtils.h */ = {isa = PBXFileReference; explicitFileType = sourcecode.c.h; fileEncoding = 30; name = FilterUtils.h; path = ../../../addons/ofxTonic/src/Tonic/FilterUtils.h; sourceTree = SOURCE_ROOT; };
		3972E542CC20CF48053A12ED /* ControlMidiToFreq.h */ = {isa = PBXFileReference; explicitFileType = sourcecode.c.h; fileEncoding = 30; name = ControlMidiToFreq.h; path = ../../../addons/ofxTonic/src/Tonic/ControlMidiToFreq.h; sourceTree = SOURCE_ROOT; };
		3D1CC6C1763B553DEFDDD420 /* TonicFrames.cpp */ = {isa = PBXFileReference; explicitFileType = sourcecode.cpp.cpp; fileEncoding = 30; name = TonicFrames.cpp; path = ../../../addons/ofxTonic/src/Tonic/TonicFrames.cpp; sourceTree = SOURCE_ROOT; };
		3D4945007AB93F050CE3306F /* Effect.cpp */ = {isa = PBXFileReference; explicitFileType = sourcecode.cpp.cpp; fileEncoding = 30; name = Effect.cpp; path = ../../../addons/ofxTonic/src/Tonic/Effect.cpp; sourceTree = SOURCE_ROOT; };
		3D93B5BF07A5D1D156029EA1 /* ControlDbToLinear.h */ = {isa = PBXFileReference; explicitFileType = sourcecode.c.h; fileEncoding = 30; name = ControlDbToLinear.h; path = ../../../addons/ofxTonic/src/Tonic/ControlDbToLinear.h; sourceTree = SOURCE_ROOT; };
		3F016180FA5C47A51CB2A8C2 /* TonicFrames.h */ = {isa = PBXFileReference; explicitFileType = sourcecode.c.h; fileEncoding = 30; name = TonicFrames.h; path = ../../../addons/ofxTonic/src/Tonic/TonicFrames.h; sourceTree = SOURCE_ROOT; };
		42E48CAFEA52DD61687DF683 /* Arithmetic.cpp */ = {isa = PBXFileReference; explicitFileType = sourcecode.cpp.cpp; fileEncoding = 30; name = Arithmetic.cpp; path = ../../../addons/ofxTonic/src/Tonic/Arithmetic.cpp; sourceTree = SOURCE_ROOT; };
		43BC9427F5801A209DFBF842 /* ControlChangeNotifier.cpp */ = {isa = PBXFileReference; explicitFileType = sourcecode.cpp.cpp; fileEncoding = 30; name = ControlChangeNotifier.cpp; path = ../../../addons/ofxTonic/src/Tonic/ControlChangeNotifier.cpp; sourceTree = SOURCE_ROOT; };
		468236C41BF7AEA58BC8F27D /* DelayUtils.cpp */ = {isa = PBXFileReference; explicitFileType = sourcecode.cpp.cpp; fileEncoding = 30; name = DelayUtils.cpp; path = ../../../addons/ofxTonic/src/Tonic/DelayUtils.cpp; sourceTree = SOURCE_ROOT; };
		49F74D58E791C18D1D7F5E6F /* ofxTonicSynth.h */ = {isa = PBXFileReference; explicitFileType = sourcecode.c.h; fileEncoding = 30; name = ofxTonicSynth.h; path = ../../../addons/ofxTonic/src/ofxTonicSynth.h; sourceTree = SOURCE_ROOT; };
		4A5282B59FE55EEED7421C06 /* ControlComparison.cpp */ = {isa = PBXFileReference; explicitFileType = sourcecode.cpp.cpp; fileEncoding = 30; name = ControlComparison.cpp; path = ../../../addons/ofxTonic/src/Tonic/ControlComparison.cpp; sourceTree = SOURCE_ROOT; };
		4BB4CCB6D9C661BF0F88385C /* CompressorLimiter.h */ = {isa = PBXFileReference; explicitFileType = sourcecode.c.h; fileEncoding = 30; name = CompressorLimiter.h; path = ../../../addons/ofxTonic/src/Tonic/CompressorLimiter.h; sourceTree = SOURCE_ROOT; };
		4C9308758C0A5200C33044CF /* ControlSwitcher.h */ = {isa = PBXFileReference; explicitFileType = sourcecode.c.h; fileEncoding = 30; name = ControlSwitcher.h; path = ../../../addons/ofxTonic/src/Tonic/ControlSwitcher.h; sourceTree = SOURCE_ROOT; };
		4D93B72FD7946A3E4E687039 /* ofxTonicSynth.cpp */ = {isa = PBXFileReference; explicitFileType = sourcecode.cpp.cpp; fileEncoding = 30; name = ofxTonicSynth.cpp; path = ../../../addons/ofxTonic/src/ofxTonicSynth.cpp; sourceTree = SOURCE_ROOT; };
		4E4AEC87B93B4D8DD9E210A8 /* ControlRecorder.cpp */ = {isa = PBXFileReference; explicitFileType = sourcecode.cpp.cpp; fileEncoding = 30; name = ControlRecorder.cpp; path = ../../../addons/ofxTonic/src/Tonic/ControlRecorder.cpp; sourceTree = SOURCE_ROOT; };
		4EE282E831795B8D17A8C4FA /* ControlValue.cpp */ = {isa = PBXFileReference; explicitFileType = sourcecode.cpp.cpp; fileEncoding = 30; name = ControlValue.cpp; path = ../../../addons/ofxTonic/src/Tonic/ControlValue.cpp; sourceTree = SOURCE_ROOT; };
		4F283396E9D4DB2EE1F3D5C6 /* ADSR.cpp */ = {isa = PBXFileReference; explicitFileType = sourcecode.cpp.cpp; fileEncoding = 30; name = ADSR.cpp; path = ../../../addons/ofxTonic/src/Tonic/ADSR.cpp; sourceTree = SOURCE_ROOT; };
		507C9163723C92CE09C2EFF6 /* SampleTable.h */ = {isa = PBXFileReference; explicitFileType = sourcecode.c.h; fileEncoding = 30; name = SampleTable.h; path = ../../../addons/ofxTonic/src/Tonic/SampleTable.h; sourceTree = SOURCE_ROOT; };
		575BD41C90373F972BD7C281 /* ControlGenerator.h */ = {isa = PBXFileReference; explicitFileType = sourcecode.c.h; fileEncoding = 30; name = ControlGenerator.h; path = ../../../addons/ofxTonic/src/Tonic/ControlGenerator.h; sourceTree = SOURCE_ROOT; };
		5C302CDCEF3B434D523B564E /* ControlConditioner.cpp */ = {isa = PBXFileReference; explicitFileType = sourcecode.cpp.cpp; fileEncoding = 30; name = ControlConditioner.cpp; path = ../../../addons/ofxTonic/src/Tonic/ControlConditioner.cpp; sourceTree = SOURCE_ROOT; };
		605CE146F51F0DD0489F20C8 /* MonoToStereoPanner.cpp */ = {isa = PBXFileReference; explicitFileType = sourcecode.cpp.cpp; fileEncoding = 30; name = MonoToStereoPanner.cpp; path = ../../../addons/ofxTonic/src/Tonic/MonoToStereoPanner.cpp; sourceTree = SOURCE_ROOT; };
		6098632AA51D25D3FBA5B699 /* Synth.cpp */ = {isa = PBXFileReference; explicitFileType = sourcecode.cpp.cpp; fileEncoding = 30; name = Synth.cpp; path = ../../../addons/ofxTonic/src/Tonic/Synth.cpp; sourceTree = SOURCE_ROOT; };
		613C931BD26D95CFAA736A69 /* ControlPrinter.h */ = {isa = PBXFileReference; explicitFileType = sourcecode.c.h; fileEncoding = 30; name = ControlPrinter.h; path = ../../../addons/ofxTonic/src/Tonic/ControlPrinter.h; sourceTree = SOURCE_ROOT; };
		63B514D9603E1B80E9C798B5 /* StereoDelay.h */ = {isa = PBXFileReference; explicitFileType = sourcecode.c.h; fileEncoding = 30; name = StereoDelay.h; path = ../../../addons/ofxTonic/src/Tonic/StereoDelay.h; sourceTree = SOURCE_ROOT; };
		65E2547E340E3DCF7CD5EA19 /* ControlTrigger.h */ = {isa = PBXFileReference; explicitFileType = sourcecode.c.h; fileEncoding = 30; name = ControlTrigger.h; path = ../../../addons/ofxTonic/src/Tonic/ControlTrigger.h; sourceTree = SOURCE_ROOT; };
		668088FE3C62B6B187A05117 /* Arithmetic.h */ = {isa = PBXFileReference; explicitFileType = sourcecode.c.h; fileEncoding = 30; name = Arithmetic.h; path = ../../../addons/ofxTonic/src/Tonic/Arithmetic.h; sourceTree = SOURCE_ROOT; };
		67D49948EBA7B86CF87C4847 /* ControlRandom.cpp */ = {isa = PBXFileReference; explicitFileType = sourcecode.cpp.cpp; fileEncoding = 30; name = ControlRandom.cpp; path = ../../../addons/ofxTonic/src/Tonic/ControlRandom.cpp; sourceTree = SOURCE_ROOT; };
		695C4690BBFEAD1AED50B2F2 /* Mixer.cpp */ = {isa = PBXFileReference; explicitFileType = sourcecode.cpp.cpp; fileEncoding = 30; name = Mixer.cpp; path = ../../../addons/ofxTonic/src/Tonic/Mixer.cpp; sourceTree = SOURCE_ROOT; };
		6B61B2028CC70AFF71A9E65C /* TableLookupOsc.cpp */ = {isa = PBXFileReference; explicitFileType = sourcecode.cpp.cpp; fileEncoding = 30; name = TableLookupOsc.cpp; path = ../../../addons/ofxTonic/src/Tonic/TableLookupOsc.cpp; sourceTree = SOURCE_ROOT; };
		6EDB8369D3C03948742979CF /* ControlParameter.h */ = {isa = PBXFileReference; explicitFileType = sourcecode.c.h; fileEncoding = 30; name = ControlParameter.h; path = ../../../addons/ofxTonic/src/Tonic/ControlParameter.h; sourceTree = SOURCE_ROOT; };
		7168589C85E02BDE46E4D1F1 /* ControlTrigger.cpp */ = {isa = PBXFileReference; explicitFileType = sourcecode.cpp.cpp; fileEncoding = 30; name = ControlTrigger.cpp; path = ../../../addons/ofxTonic/src/Tonic/ControlTrigger.cpp; sourceTree = SOURCE_ROOT; };
		722EE33B8812BA047AE17612 /* Mixer.h */ = {isa = PBXFileReference; explicitFileType = sourcecode.c.h; fileEncoding = 30; name = Mixer.h; path = ../../../addons/ofxTonic/src/Tonic/Mixer.h; sourceTree = SOURCE_ROOT; };
		73EFFC1B6385265BB25A321D /* Generator.cpp */ = {isa = PBXFileReference; explicitFileType = sourcecode.cpp.cpp; fileEncoding = 30; name = Generator.cpp; path = ../../../addons/ofxTonic/src/Tonic/Generator.cpp; sourceTree = SOURCE_ROOT; };
		74031F38BEF660C64DEEC20C /* ControlPulse.h */ = {isa = PBXFileReference; explicitFileType = sourcecode.c.h; fileEncoding = 30; name = ControlPulse.h; path = ../../../addons/ofxTonic/src/Tonic/ControlPulse.h; sourceTree = SOURCE_ROOT; };
		7890C9E0B3C853711884EB42 /* ControlDbToLinear.cpp */ = {isa = PBXFileReference; explicitFileType = sourcecode.cpp.cpp; fileEncoding = 30; name = ControlDbToLinear.cpp; path = ../../../addons/ofxTonic/src/Tonic/ControlDbToLinear.cpp; sourceTree = SOURCE_ROOT; };
		7A2C29D012EC2E697BBE9C2F /* ControlDelay.h */ = {isa = PBXFileReference; explicitFileType = sourcecode.c.h; fileEncoding = 30; name = ControlDelay.h; path = ../../../addons/ofxTonic/src/Tonic/ControlDelay.h; sourceTree = SOURCE_ROOT; };
		7CD0A5DB6CE3801FED02387A /* LFNoise.cpp */ = {isa = PBXFileReference; explicitFileType = sourcecode.cpp.cpp; fileEncoding = 30; name = LFNoise.cpp; path = ../../../addons/ofxTonic/src/Tonic/LFNoise.cpp; sourceTree = SOURCE_ROOT; };
		84466286B8E03BE7D2AE88DF /* ControlSwitcher.cpp */ = {isa = PBXFileReference; explicitFileType = sourcecode.cpp.cpp; fileEncoding = 30; name = ControlSwitcher.cpp; path = ../../../addons/ofxTonic/src/Tonic/ControlSwitcher.cpp; sourceTree = SOURCE_ROOT; };
		8CFCB9E703483B63052DAFE7 /* ControlArithmetic.cpp */ = {isa = PBXFileReference; explicitFileType = sourcecode.cpp.cpp; fileEncoding = 30; name = ControlArithmetic.cpp; path = ../../../addons/ofxTonic/src/Tonic/ControlArithmetic.cpp; sourceTree = SOURCE_ROOT; };
		914B990983A7F60F69D7488F /* ControlDelay.cpp */ = {isa = PBXFileReference; explicitFileType = sourcecode.cpp.cpp; fileEncoding = 30; name = ControlDelay.cpp; path = ../../../addons/ofxTonic/src/Tonic/ControlDelay.cpp; sourceTree = SOURCE_ROOT; };
		9334F49EDD8D9A4DC42C109F /* ControlComparison.h */ = {isa = PBXFileReference; explicitFileType = sourcecode.c.h; fileEncoding = 30; name = ControlComparison.h; path = ../../../addons/ofxTonic/src/Tonic/ControlComparison.h; sourceTree = SOURCE_ROOT; };
		93ABAD2A6EAD875C509EE859 /* CombFilter.h */ = {isa = PBXFileReference; explicitFileType = sourcecode.c.h; fileEncoding = 30; name = CombFilter.h; path = ../../../addons/ofxTonic/src/Tonic/CombFilter.h; sourceTree = SOURCE_ROOT; };
		994406BBEBD87315814BF2C7 /* Filters.h */ = {isa = PBXFileReference; explicitFileType = sourcecode.c.h; fileEncoding = 30; name = Filters.h; path = ../../../addons/ofxTonic/src/Tonic/Filters.h; sourceTree = SOURCE_ROOT; };
		9A02B10B2C029F200DF63D72 /* ControlMetroDivider.cpp */ = {isa = PBXFileReference; explicitFileType = sourcecode.cpp.cpp; fileEncoding = 30; name = ControlMetroDivider.cpp; path = ../../../addons/ofxTonic/src/Tonic/ControlMetroDivider.cpp; sourceTree = SOURCE_ROOT; };
		9A6E16EA3FDE79BFD7AE78D4 /* Generator.h */ = {isa = PBXFileReference; explicitFileType = sourcecode.c.h; fileEncoding = 30; name = Generator.h; path = ../../../addons/ofxTonic/src/Tonic/Generator.h; sourceTree = SOURCE_ROOT; };
		9AC473B1EFE2F39A8BEB54D8 /* FixedValue.h */ = {isa = PBXFileReference; explicitFileType = sourcecode.c.h; fileEncoding = 30; name = FixedValue.h; path = ../../../addons/ofxTonic/src/Tonic/FixedValue.h; sourceTree = SOURCE_ROOT; };
		9B98C32AEFD6FCEF7D470224 /* ControlPulse.cpp */ = {isa = PBXFileReference; explicitFileType = sourcecode.cpp.cpp; fileEncoding = 30; name = ControlPulse.cpp; path = ../../../addons/ofxTonic/src/Tonic/ControlPulse.cpp; sourceTree = SOURCE_ROOT; };
		9C4F9B516C9E0F1EBD0169AD /* ControlMetro.h */ = {isa = PBXFileReference; explicitFileType = sourcecode.c.h; fileEncoding = 30; name = ControlMetro.h; path = ../../../addons/ofxTonic/src/Tonic/ControlMetro.h; sourceTree = SOURCE_ROOT; };
		9CB74859F378F043E3E15239 /* DelayUtils.h */ = {isa = PBXFileReference; explicitFileType = sourcecode.c.h; fileEncoding = 30; name = DelayUtils.h; path = ../../../addons/ofxTonic/src/Tonic/DelayUtils.h; sourceTree = SOURCE_ROOT; };
		9E278DFBC397EBC840CFE588 /* CombFilter.cpp */ = {isa = PBXFileReference; explicitFileType = sourcecode.cpp.cpp; fileEncoding = 30; name = CombFilter.cpp; path = ../../../addons/ofxTonic/src/Tonic/CombFilter.cpp; sourceTree = SOURCE_ROOT; };
		9F61FCEAC6207210F43ED335 /* Effect.h */ = {isa = PBXFileReference; explicitFileType = sourcecode.c.h; fileEncoding = 30; name = Effect.h; path = ../../../addons/ofxTonic/src/Tonic/Effect.h; sourceTree = SOURCE_ROOT; };
		A179AC7700DABE8C414E249C /* ControlRandom.h */ = {isa = PBXFileReference; explicitFileType = sourcecode.c.h; fileEncoding = 30; name = ControlRandom.h; path = ../../../addons/ofxTonic/src/Tonic/ControlRandom.h; sourceTree = SOURCE_ROOT; };
		A1CF6E3E5E4B05A101E2F6E1 /* RampedValue.cpp */ = {isa = PBXFileReference; explicitFileType = sourcecode.cpp.cpp; fileEncoding = 30; name = RampedValue.cpp; path = ../../../addons/ofxTonic/src/Tonic/RampedValue.cpp; sourceTree = SOURCE_ROOT; };
		A24ACE98E63AE529A9D3EAE4 /* BufferFiller.h */ = {isa = PBXFileReference; explicitFileType = sourcecode.c.h; fileEncoding = 30; name = BufferFiller.h; path = ../../../addons/ofxTonic/src/Tonic/BufferFiller.h; sourceTree = SOURCE_ROOT; };
		A2CF9DA1939F4FBF25F5464C /* ControlFloor.cpp */ = {isa = PBXFileReference; explicitFileType = sourcecode.cpp.cpp; fileEncoding = 30; name = ControlFloor.cpp; path = ../../../addons/ofxTonic/src/Tonic/ControlFloor.cpp; sourceTree = SOURCE_ROOT; };
		A4E73E7202509B8E556BAA91 /* Synth.h */ = {isa = PBXFileReference; explicitFileType = sourcecode.c.h; fileEncoding = 30; name = Synth.h; path = ../../../addons/ofxTonic/src/Tonic/Synth.h; sourceTree = SOURCE_ROOT; };
		AAB9DDA5DE02A95B98057509 /* ControlConditioner.h */ = {isa = PBXFileReference; explicitFileType = sourcecode.c.h; fileEncoding = 30; name = ControlConditioner.h; path = ../../../addons/ofxTonic/src/Tonic/ControlConditioner.h; sourceTree = SOURCE_ROOT; };
		AC361B46FBD15811B251D6F8 /* ControlStepper.cpp */ = {isa = PBXFileReference; explicitFileType = sourcecode.cpp.cpp; fileEncoding = 30; name = ControlStepper.cpp; path = ../../../addons/ofxTonic/src/Tonic/ControlStepper.cpp; sourceTree = SOURCE_ROOT; };
		B0124AC6A11F35F1B18FCFD5 /* ControlParameter.cpp */ = {isa = PBXFileReference; explicitFileType = sourcecode.cpp.cpp; fileEncoding = 30; name = ControlParameter.cpp; path = ../../../addons/ofxTonic/src/Tonic/ControlParameter.cpp; sourceTree = SOURCE_ROOT; };
		B3B9C5B8F26032F8C3A6D7D8 /* ControlCounter.cpp */ = {isa = PBXFileReference; explicitFileType = sourcecode.cpp.cpp; fileEncoding = 30; name = ControlCounter.cpp; path = ../../../addons/ofxTonic/src/Tonic/ControlCounter.cpp; sourceTree = SOURCE_ROOT; };
		B594F5DD51D8B551D8474BE5 /* RectWave.h */ = {isa = PBXFileReference; explicitFileType = sourcecode.c.h; fileEncoding = 30; name = RectWave.h; path = ../../../addons/ofxTonic/src/Tonic/RectWave.h; sourceTree = SOURCE_ROOT; };
		B5B923FA6048C8D2737DDFC2 /* ControlMidiToFreq.cpp */ = {isa = PBXFileReference; explicitFileType = sourcecode.cpp.cpp; fileEncoding = 30; name = ControlMidiToFreq.cpp; path = ../../../addons/ofxTonic/src/Tonic/ControlMidiToFreq.cpp; sourceTree = SOURCE_ROOT; };
		B6C9748F5032F2A6E7D5DED8 /* TableLookupOsc.h */ = {isa = PBXFileReference; explicitFileType = sourcecode.c.h; fileEncoding = 30; name = TableLookupOsc.h; path = ../../../addons/ofxTonic/src/Tonic/TableLookupOsc.h; sourceTree = SOURCE_ROOT; };
		B93889B67AEFAF80E132580F /* ADSR.h */ = {isa = PBXFileReference; explicitFileType = sourcecode.c.h; fileEncoding = 30; name = ADSR.h; path = ../../../addons/ofxTonic/src/Tonic/ADSR.h; sourceTree = SOURCE_ROOT; };
		B979FCAC35BBE495D29574B6 /* Filters.cpp */ = {isa = PBXFileReference; explicitFileType = sourcecode.cpp.cpp; fileEncoding = 30; name = Filters.cpp; path = ../../../addons/ofxTonic/src/Tonic/Filters.cpp; sourceTree = SOURCE_ROOT; };
		BA1A28B41F62F3FDCF0A67CE /* ControlGenerator.cpp */ = {isa = PBXFileReference; explicitFileType = sourcecode.cpp.cpp; fileEncoding = 30; name = ControlGenerator.cpp; path = ../../../addons/ofxTonic/src/Tonic/ControlGenerator.cpp; sourceTree = SOURCE_ROOT; };
		BBAB23BE13894E4700AA2426 /* GLUT.framework */ = {isa = PBXFileReference; lastKnownFileType = wrapper.framework; name = GLUT.framework; path = ../../../libs/glut/lib/osx/GLUT.framework; sourceTree = "<group>"; };
		BDE0C98A54861131ACD7CC7F /* RingBuffer.h */ = {isa = PBXFileReference; explicitFileType = sourcecode.c.h; fileEncoding = 30; name = RingBuffer.h; path = ../../../addons/ofxTonic/src/Tonic/RingBuffer.h; sourceTree = SOURCE_ROOT; };
		C1291F0DE19D1635A4F0CD3D /* SawtoothWave.cpp */ = {isa = PBXFileReference; explicitFileType = sourcecode.cpp.cpp; fileEncoding = 30; name = SawtoothWave.cpp; path = ../../../addons/ofxTonic/src/Tonic/SawtoothWave.cpp; sourceTree = SOURCE_ROOT; };
		C6EDA2144248517A24EB4184 /* ControlChangeNotifier.h */ = {isa = PBXFileReference; explicitFileType = sourcecode.c.h; fileEncoding = 30; name = ControlChangeNotifier.h; path = ../../../addons/ofxTonic/src/Tonic/ControlChangeNotifier.h; sourceTree = SOURCE_ROOT; };
		CA36480BC3EEB14CF31CF918 /* RampedValue.h */ = {isa = PBXFileReference; explicitFileType = sourcecode.c.h; fileEncoding = 30; name = RampedValue.h; path = ../../../addons/ofxTonic/src/Tonic/RampedValue.h; sourceTree = SOURCE_ROOT; };
		CB6F4829BDF57C516A335B45 /* SampleTable.cpp */ = {isa = PBXFileReference; explicitFileType = sourcecode.cpp.cpp; fileEncoding = 30; name = SampleTable.cpp; path = ../../../addons/ofxTonic/src/Tonic/SampleTable.cpp; sourceTree = SOURCE_ROOT; };
		D1B31C69FDFF84C427E6B540 /* TriangleWave.h */ = {isa = PBXFileReference; explicitFileType = sourcecode.c.h; fileEncoding = 30; name = TriangleWave.h; path = ../../../addons/ofxTonic/src/Tonic/TriangleWave.h; sourceTree = SOURCE_ROOT; };
		D32DF537073A4386FE4DEDC6 /* SquareWave.h */ = {isa = PBXFileReference; explicitFileType = sourcecode.c.h; fileEncoding = 30; name = SquareWave.h; path = ../../../addons/ofxTonic/src/Tonic/SquareWave.h; sourceTree = SOURCE_ROOT; };
		D536A0C1CE5316F0FE22BD9F /* ControlXYSpeed.h */ = {isa = PBXFileReference; explicitFileType = sourcecode.c.h; fileEncoding = 30; name = ControlXYSpeed.h; path = ../../../addons/ofxTonic/src/Tonic/ControlXYSpeed.h; sourceTree = SOURCE_ROOT; };
		D8D5E467EBBF786CB8A4F7FB /* BufferFiller.cpp */ = {isa = PBXFileReference; explicitFileType = sourcecode.cpp.cpp; fileEncoding = 30; name = BufferFiller.cpp; path = ../../../addons/ofxTonic/src/Tonic/BufferFiller.cpp; sourceTree = SOURCE_ROOT; };
		DA940AB65E694852A4445693 /* FixedValue.cpp */ = {isa = PBXFileReference; explicitFileType = sourcecode.cpp.cpp; fileEncoding = 30; name = FixedValue.cpp; path = ../../../addons/ofxTonic/src/Tonic/FixedValue.cpp; sourceTree = SOURCE_ROOT; };
		DE8E02409901F4EF247D5467 /* Reverb.h */ = {isa = PBXFileReference; explicitFileType = sourcecode.c.h; fileEncoding = 30; name = Reverb.h; path = ../../../addons/ofxTonic/src/Tonic/Reverb.h; sourceTree = SOURCE_ROOT; };
		E1943C13AEB5FD77273B3C72 /* StereoDelay.cpp */ = {isa = PBXFileReference; explicitFileType = sourcecode.cpp.cpp; fileEncoding = 30; name = StereoDelay.cpp; path = ../../../addons/ofxTonic/src/Tonic/StereoDelay.cpp; sourceTree = SOURCE_ROOT; };
		E4328143138ABC890047C5CB /* openFrameworksLib.xcodeproj */ = {isa = PBXFileReference; lastKnownFileType = "wrapper.pb-project"; name = openFrameworksLib.xcodeproj; path = ../../../libs/openFrameworksCompiled/project/osx/openFrameworksLib.xcodeproj; sourceTree = SOURCE_ROOT; };
		E45BE9710E8CC7DD009D7055 /* AGL.framework */ = {isa = PBXFileReference; lastKnownFileType = wrapper.framework; name = AGL.framework; path = /System/Library/Frameworks/AGL.framework; sourceTree = "<absolute>"; };
		E45BE9720E8CC7DD009D7055 /* ApplicationServices.framework */ = {isa = PBXFileReference; lastKnownFileType = wrapper.framework; name = ApplicationServices.framework; path = /System/Library/Frameworks/ApplicationServices.framework; sourceTree = "<absolute>"; };
		E45BE9730E8CC7DD009D7055 /* AudioToolbox.framework */ = {isa = PBXFileReference; lastKnownFileType = wrapper.framework; name = AudioToolbox.framework; path = /System/Library/Frameworks/AudioToolbox.framework; sourceTree = "<absolute>"; };
		E45BE9740E8CC7DD009D7055 /* Carbon.framework */ = {isa = PBXFileReference; lastKnownFileType = wrapper.framework; name = Carbon.framework; path = /System/Library/Frameworks/Carbon.framework; sourceTree = "<absolute>"; };
		E45BE9750E8CC7DD009D7055 /* CoreAudio.framework */ = {isa = PBXFileReference; lastKnownFileType = wrapper.framework; name = CoreAudio.framework; path = /System/Library/Frameworks/CoreAudio.framework; sourceTree = "<absolute>"; };
		E45BE9760E8CC7DD009D7055 /* CoreFoundation.framework */ = {isa = PBXFileReference; lastKnownFileType = wrapper.framework; name = CoreFoundation.framework; path = /System/Library/Frameworks/CoreFoundation.framework; sourceTree = "<absolute>"; };
		E45BE9770E8CC7DD009D7055 /* CoreServices.framework */ = {isa = PBXFileReference; lastKnownFileType = wrapper.framework; name = CoreServices.framework; path = /System/Library/Frameworks/CoreServices.framework; sourceTree = "<absolute>"; };
		E45BE9790E8CC7DD009D7055 /* OpenGL.framework */ = {isa = PBXFileReference; lastKnownFileType = wrapper.framework; name = OpenGL.framework; path = /System/Library/Frameworks/OpenGL.framework; sourceTree = "<absolute>"; };
		E45BE97A0E8CC7DD009D7055 /* QuickTime.framework */ = {isa = PBXFileReference; lastKnownFileType = wrapper.framework; name = QuickTime.framework; path = /System/Library/Frameworks/QuickTime.framework; sourceTree = "<absolute>"; };
		E4B69B5B0A3A1756003C02F2 /* openFrameworksWaveformDebug.app */ = {isa = PBXFileReference; explicitFileType = wrapper.application; includeInIndex = 0; path = openFrameworksWaveformDebug.app; sourceTree = BUILT_PRODUCTS_DIR; };
		E4B69E1D0A3A1BDC003C02F2 /* main.cpp */ = {isa = PBXFileReference; fileEncoding = 30; lastKnownFileType = sourcecode.cpp.cpp; name = main.cpp; path = src/main.cpp; sourceTree = SOURCE_ROOT; };
		E4B69E1E0A3A1BDC003C02F2 /* testApp.cpp */ = {isa = PBXFileReference; explicitFileType = sourcecode.cpp.cpp; fileEncoding = 30; name = testApp.cpp; path = src/testApp.cpp; sourceTree = SOURCE_ROOT; };
		E4B69E1F0A3A1BDC003C02F2 /* testApp.h */ = {isa = PBXFileReference; fileEncoding = 30; lastKnownFileType = sourcecode.c.h; name = testApp.h; path = src/testApp.h; sourceTree = SOURCE_ROOT; };
		E4B6FCAD0C3E899E008CF71C /* openFrameworks-Info.plist */ = {isa = PBXFileReference; fileEncoding = 30; lastKnownFileType = text.plist.xml; path = "openFrameworks-Info.plist"; sourceTree = "<group>"; };
		E4C2424410CC5A17004149E2 /* AppKit.framework */ = {isa = PBXFileReference; lastKnownFileType = wrapper.framework; name = AppKit.framework; path = /System/Library/Frameworks/AppKit.framework; sourceTree = "<absolute>"; };
		E4C2424510CC5A17004149E2 /* Cocoa.framework */ = {isa = PBXFileReference; lastKnownFileType = wrapper.framework; name = Cocoa.framework; path = /System/Library/Frameworks/Cocoa.framework; sourceTree = "<absolute>"; };
		E4C2424610CC5A17004149E2 /* IOKit.framework */ = {isa = PBXFileReference; lastKnownFileType = wrapper.framework; name = IOKit.framework; path = /System/Library/Frameworks/IOKit.framework; sourceTree = "<absolute>"; };
		E4EB691F138AFCF100A09F29 /* CoreOF.xcconfig */ = {isa = PBXFileReference; fileEncoding = 4; lastKnownFileType = text.xcconfig; name = CoreOF.xcconfig; path = ../../../libs/openFrameworksCompiled/project/osx/CoreOF.xcconfig; sourceTree = SOURCE_ROOT; };
		E4EB6923138AFD0F00A09F29 /* Project.xcconfig */ = {isa = PBXFileReference; fileEncoding = 4; lastKnownFileType = text.xcconfig; path = Project.xcconfig; sourceTree = "<group>"; };
		E657C0E32E880F6E8E147D33 /* LFNoise.h */ = {isa = PBXFileReference; explicitFileType = sourcecode.c.h; fileEncoding = 30; name = LFNoise.h; path = ../../../addons/ofxTonic/src/Tonic/LFNoise.h; sourceTree = SOURCE_ROOT; };
		E72EE6F935EBDB3BD5B8224E /* BasicDelay.h */ = {isa = PBXFileReference; explicitFileType = sourcecode.c.h; fileEncoding = 30; name = BasicDelay.h; path = ../../../addons/ofxTonic/src/Tonic/BasicDelay.h; sourceTree = SOURCE_ROOT; };
		E746A5674F1A5642F7D5CFF0 /* BasicDelay.cpp */ = {isa = PBXFileReference; explicitFileType = sourcecode.cpp.cpp; fileEncoding = 30; name = BasicDelay.cpp; path = ../../../addons/ofxTonic/src/Tonic/BasicDelay.cpp; sourceTree = SOURCE_ROOT; };
		E7E077E415D3B63C0020DFD4 /* CoreVideo.framework */ = {isa = PBXFileReference; lastKnownFileType = wrapper.framework; name = CoreVideo.framework; path = /System/Library/Frameworks/CoreVideo.framework; sourceTree = "<absolute>"; };
		E7E077E715D3B6510020DFD4 /* QTKit.framework */ = {isa = PBXFileReference; lastKnownFileType = wrapper.framework; name = QTKit.framework; path = /System/Library/Frameworks/QTKit.framework; sourceTree = "<absolute>"; };
		E7F985F515E0DE99003869B5 /* Accelerate.framework */ = {isa = PBXFileReference; lastKnownFileType = wrapper.framework; name = Accelerate.framework; path = /System/Library/Frameworks/Accelerate.framework; sourceTree = "<absolute>"; };
		E8FB2FE823CE7B34CE057593 /* ControlSnapToScale.h */ = {isa = PBXFileReference; explicitFileType = sourcecode.c.h; fileEncoding = 30; name = ControlSnapToScale.h; path = ../../../addons/ofxTonic/src/Tonic/ControlSnapToScale.h; sourceTree = SOURCE_ROOT; };
		E920101778A591CE7E476ADF /* ControlMetroDivider.h */ = {isa = PBXFileReference; explicitFileType = sourcecode.c.h; fileEncoding = 30; name = ControlMetroDivider.h; path = ../../../addons/ofxTonic/src/Tonic/ControlMetroDivider.h; sourceTree = SOURCE_ROOT; };
		E96E870C4145622E8AFB8D70 /* ControlMetro.cpp */ = {isa = PBXFileReference; explicitFileType = sourcecode.cpp.cpp; fileEncoding = 30; name = ControlMetro.cpp; path = ../../../addons/ofxTonic/src/Tonic/ControlMetro.cpp; sourceTree = SOURCE_ROOT; };
		ED859A32025AAF249F6401FD /* ControlStepper.h */ = {isa = PBXFileReference; explicitFileType = sourcecode.c.h; fileEncoding = 30; name = ControlStepper.h; path = ../../../addons/ofxTonic/src/Tonic/ControlStepper.h; sourceTree = SOURCE_ROOT; };
		EF8EA1AFDF9767C7EACDE5BB /* SawtoothWave.h */ = {isa = PBXFileReference; explicitFileType = sourcecode.c.h; fileEncoding = 30; name = SawtoothWave.h; path = ../../../addons/ofxTonic/src/Tonic/SawtoothWave.h; sourceTree = SOURCE_ROOT; };
		F391CB3C993783D08B18BE62 /* Noise.cpp */ = {isa = PBXFileReference; explicitFileType = sourcecode.cpp.cpp; fileEncoding = 30; name = Noise.cpp; path = ../../../addons/ofxTonic/src/Tonic/Noise.cpp; sourceTree = SOURCE_ROOT; };
		F8836A0D4C01F8713843CB8F /* ControlValue.h */ = {isa = PBXFileReference; explicitFileType = sourcecode.c.h; fileEncoding = 30; name = ControlValue.h; path = ../../../addons/ofxTonic/src/Tonic/ControlValue.h; sourceTree = SOURCE_ROOT; };
		F94B5F9261430D3EF3491600 /* ControlFloor.h */ = {isa = PBXFileReference; explicitFileType = sourcecode.c.h; fileEncoding = 30; name = ControlFloor.h; path = ../../../addons/ofxTonic/src/Tonic/ControlFloor.h; sourceTree = SOURCE_ROOT; };
		FA3806E5CC3407A997C05CEC /* ControlPrinter.cpp */ = {isa = PBXFileReference; explicitFileType = sourcecode.cpp.cpp; fileEncoding = 30; name = ControlPrinter.cpp; path = ../../../addons/ofxTonic/src/Tonic/ControlPrinter.cpp; sourceTree = SOURCE_ROOT; };
		FB5AEBCD574AD1AC8CEB20EB /* Noise.h */ = {isa = PBXFileReference; explicitFileType = sourcecode.c.h; fileEncoding = 30; name = Noise.h; path = ../../../addons/ofxTonic/src/Tonic/Noise.h; sourceTree = SOURCE_ROOT; };
		FD28E2D7F19057D05148E286 /* RingBuffer.cpp */ = {isa = PBXFileReference; explicitFileType = sourcecode.cpp.cpp; fileEncoding = 30; name = RingBuffer.cpp; path = ../../../addons/ofxTonic/src/Tonic/RingBuffer.cpp; sourceTree = SOURCE_ROOT; };
/* End PBXFileReference section */

/* Begin PBXFrameworksBuildPhase section */
		E4B69B590A3A1756003C02F2 /* Frameworks */ = {
			isa = PBXFrameworksBuildPhase;
			buildActionMask = 2147483647;
			files = (
				E7F985F815E0DEA3003869B5 /* Accelerate.framework in Frameworks */,
				E7E077E815D3B6510020DFD4 /* QTKit.framework in Frameworks */,
				E4EB6799138ADC1D00A09F29 /* GLUT.framework in Frameworks */,
				E4328149138ABC9F0047C5CB /* openFrameworksDebug.a in Frameworks */,
				E45BE97B0E8CC7DD009D7055 /* AGL.framework in Frameworks */,
				E45BE97C0E8CC7DD009D7055 /* ApplicationServices.framework in Frameworks */,
				E45BE97D0E8CC7DD009D7055 /* AudioToolbox.framework in Frameworks */,
				E45BE97E0E8CC7DD009D7055 /* Carbon.framework in Frameworks */,
				E45BE97F0E8CC7DD009D7055 /* CoreAudio.framework in Frameworks */,
				E45BE9800E8CC7DD009D7055 /* CoreFoundation.framework in Frameworks */,
				E45BE9810E8CC7DD009D7055 /* CoreServices.framework in Frameworks */,
				E45BE9830E8CC7DD009D7055 /* OpenGL.framework in Frameworks */,
				E45BE9840E8CC7DD009D7055 /* QuickTime.framework in Frameworks */,
				E4C2424710CC5A17004149E2 /* AppKit.framework in Frameworks */,
				E4C2424810CC5A17004149E2 /* Cocoa.framework in Frameworks */,
				E4C2424910CC5A17004149E2 /* IOKit.framework in Frameworks */,
				E7E077E515D3B63C0020DFD4 /* CoreVideo.framework in Frameworks */,
			);
			runOnlyForDeploymentPostprocessing = 0;
		};
/* End PBXFrameworksBuildPhase section */

/* Begin PBXGroup section */
		0E79F97A89352266EDC34BFD /* Tonic */ = {
			isa = PBXGroup;
			children = (
				4F283396E9D4DB2EE1F3D5C6 /* ADSR.cpp */,
				B93889B67AEFAF80E132580F /* ADSR.h */,
				42E48CAFEA52DD61687DF683 /* Arithmetic.cpp */,
				668088FE3C62B6B187A05117 /* Arithmetic.h */,
				E746A5674F1A5642F7D5CFF0 /* BasicDelay.cpp */,
				E72EE6F935EBDB3BD5B8224E /* BasicDelay.h */,
				D8D5E467EBBF786CB8A4F7FB /* BufferFiller.cpp */,
				A24ACE98E63AE529A9D3EAE4 /* BufferFiller.h */,
				9E278DFBC397EBC840CFE588 /* CombFilter.cpp */,
				93ABAD2A6EAD875C509EE859 /* CombFilter.h */,
				321FC44080A75AD7A1E79D2E /* CompressorLimiter.cpp */,
				4BB4CCB6D9C661BF0F88385C /* CompressorLimiter.h */,
				8CFCB9E703483B63052DAFE7 /* ControlArithmetic.cpp */,
				1CD3D323E0C0D04E978F2CD0 /* ControlArithmetic.h */,
				43BC9427F5801A209DFBF842 /* ControlChangeNotifier.cpp */,
				C6EDA2144248517A24EB4184 /* ControlChangeNotifier.h */,
				4A5282B59FE55EEED7421C06 /* ControlComparison.cpp */,
				9334F49EDD8D9A4DC42C109F /* ControlComparison.h */,
				5C302CDCEF3B434D523B564E /* ControlConditioner.cpp */,
				AAB9DDA5DE02A95B98057509 /* ControlConditioner.h */,
				B3B9C5B8F26032F8C3A6D7D8 /* ControlCounter.cpp */,
				1BF769F5FB3452E1B2AB9B33 /* ControlCounter.h */,
				7890C9E0B3C853711884EB42 /* ControlDbToLinear.cpp */,
				3D93B5BF07A5D1D156029EA1 /* ControlDbToLinear.h */,
				914B990983A7F60F69D7488F /* ControlDelay.cpp */,
				7A2C29D012EC2E697BBE9C2F /* ControlDelay.h */,
				A2CF9DA1939F4FBF25F5464C /* ControlFloor.cpp */,
				F94B5F9261430D3EF3491600 /* ControlFloor.h */,
				BA1A28B41F62F3FDCF0A67CE /* ControlGenerator.cpp */,
				575BD41C90373F972BD7C281 /* ControlGenerator.h */,
				E96E870C4145622E8AFB8D70 /* ControlMetro.cpp */,
				9C4F9B516C9E0F1EBD0169AD /* ControlMetro.h */,
				9A02B10B2C029F200DF63D72 /* ControlMetroDivider.cpp */,
				E920101778A591CE7E476ADF /* ControlMetroDivider.h */,
				B5B923FA6048C8D2737DDFC2 /* ControlMidiToFreq.cpp */,
				3972E542CC20CF48053A12ED /* ControlMidiToFreq.h */,
				B0124AC6A11F35F1B18FCFD5 /* ControlParameter.cpp */,
				6EDB8369D3C03948742979CF /* ControlParameter.h */,
				FA3806E5CC3407A997C05CEC /* ControlPrinter.cpp */,
				613C931BD26D95CFAA736A69 /* ControlPrinter.h */,
				9B98C32AEFD6FCEF7D470224 /* ControlPulse.cpp */,
				74031F38BEF660C64DEEC20C /* ControlPulse.h */,
				67D49948EBA7B86CF87C4847 /* ControlRandom.cpp */,
				A179AC7700DABE8C414E249C /* ControlRandom.h */,
				4E4AEC87B93B4D8DD9E210A8 /* ControlRecorder.cpp */,
				08886C8DDE0817841F243631 /* ControlRecorder.h */,
				03534BF03E1FEEDFCA986E14 /* ControlSnapToScale.cpp */,
				E8FB2FE823CE7B34CE057593 /* ControlSnapToScale.h */,
				AC361B46FBD15811B251D6F8 /* ControlStepper.cpp */,
				ED859A32025AAF249F6401FD /* ControlStepper.h */,
				84466286B8E03BE7D2AE88DF /* ControlSwitcher.cpp */,
				4C9308758C0A5200C33044CF /* ControlSwitcher.h */,
				7168589C85E02BDE46E4D1F1 /* ControlTrigger.cpp */,
				65E2547E340E3DCF7CD5EA19 /* ControlTrigger.h */,
				4EE282E831795B8D17A8C4FA /* ControlValue.cpp */,
				F8836A0D4C01F8713843CB8F /* ControlValue.h */,
				0777B63CCC82F5205799A654 /* ControlXYSpeed.cpp */,
				D536A0C1CE5316F0FE22BD9F /* ControlXYSpeed.h */,
				468236C41BF7AEA58BC8F27D /* DelayUtils.cpp */,
				9CB74859F378F043E3E15239 /* DelayUtils.h */,
				3D4945007AB93F050CE3306F /* Effect.cpp */,
				9F61FCEAC6207210F43ED335 /* Effect.h */,
				B979FCAC35BBE495D29574B6 /* Filters.cpp */,
				994406BBEBD87315814BF2C7 /* Filters.h */,
				2D9CBFAD8F8687EA9E43B832 /* FilterUtils.cpp */,
				33E08D9F0A5900C70C810E93 /* FilterUtils.h */,
				DA940AB65E694852A4445693 /* FixedValue.cpp */,
				9AC473B1EFE2F39A8BEB54D8 /* FixedValue.h */,
				73EFFC1B6385265BB25A321D /* Generator.cpp */,
				9A6E16EA3FDE79BFD7AE78D4 /* Generator.h */,
				7CD0A5DB6CE3801FED02387A /* LFNoise.cpp */,
				E657C0E32E880F6E8E147D33 /* LFNoise.h */,
				695C4690BBFEAD1AED50B2F2 /* Mixer.cpp */,
				722EE33B8812BA047AE17612 /* Mixer.h */,
				605CE146F51F0DD0489F20C8 /* MonoToStereoPanner.cpp */,
				2CEF666C08A2DE98DF95A12F /* MonoToStereoPanner.h */,
				F391CB3C993783D08B18BE62 /* Noise.cpp */,
				FB5AEBCD574AD1AC8CEB20EB /* Noise.h */,
				A1CF6E3E5E4B05A101E2F6E1 /* RampedValue.cpp */,
				CA36480BC3EEB14CF31CF918 /* RampedValue.h */,
				2E90A19ED1C18D71FCFF4311 /* RectWave.cpp */,
				B594F5DD51D8B551D8474BE5 /* RectWave.h */,
				0349252FBB436CDC2E6A694F /* Reverb.cpp */,
				DE8E02409901F4EF247D5467 /* Reverb.h */,
				FD28E2D7F19057D05148E286 /* RingBuffer.cpp */,
				BDE0C98A54861131ACD7CC7F /* RingBuffer.h */,
				CB6F4829BDF57C516A335B45 /* SampleTable.cpp */,
				507C9163723C92CE09C2EFF6 /* SampleTable.h */,
				C1291F0DE19D1635A4F0CD3D /* SawtoothWave.cpp */,
				EF8EA1AFDF9767C7EACDE5BB /* SawtoothWave.h */,
				21C5A241041A3ED5052CE4A1 /* SineWave.cpp */,
				3352F8B118C428B1BDB71B25 /* SineWave.h */,
				D32DF537073A4386FE4DEDC6 /* SquareWave.h */,
				E1943C13AEB5FD77273B3C72 /* StereoDelay.cpp */,
				63B514D9603E1B80E9C798B5 /* StereoDelay.h */,
				6098632AA51D25D3FBA5B699 /* Synth.cpp */,
				A4E73E7202509B8E556BAA91 /* Synth.h */,
				6B61B2028CC70AFF71A9E65C /* TableLookupOsc.cpp */,
				B6C9748F5032F2A6E7D5DED8 /* TableLookupOsc.h */,
				0B526CAFB9743B54BB3F5CE9 /* TonicCore.h */,
				3D1CC6C1763B553DEFDDD420 /* TonicFrames.cpp */,
				3F016180FA5C47A51CB2A8C2 /* TonicFrames.h */,
				D1B31C69FDFF84C427E6B540 /* TriangleWave.h */,
			);
			name = Tonic;
			sourceTree = "<group>";
		};
		3659747FA7D45BE871634DFA /* src */ = {
			isa = PBXGroup;
			children = (
				1CB151730663DA88C0A57A2A /* ofxTonic.h */,
				4D93B72FD7946A3E4E687039 /* ofxTonicSynth.cpp */,
				49F74D58E791C18D1D7F5E6F /* ofxTonicSynth.h */,
				0E79F97A89352266EDC34BFD /* Tonic */,
				1502C03C48800273C68D9BB5 /* Tonic.h */,
			);
			name = src;
			sourceTree = "<group>";
		};
		76271A12053DA157D2DB4F78 /* ofxTonic */ = {
			isa = PBXGroup;
			children = (
				3659747FA7D45BE871634DFA /* src */,
			);
			name = ofxTonic;
			sourceTree = "<group>";
		};
		BB4B014C10F69532006C3DED /* addons */ = {
			isa = PBXGroup;
			children = (
				76271A12053DA157D2DB4F78 /* ofxTonic */,
			);
			name = addons;
			sourceTree = "<group>";
		};
		BBAB23C913894ECA00AA2426 /* system frameworks */ = {
			isa = PBXGroup;
			children = (
				E7F985F515E0DE99003869B5 /* Accelerate.framework */,
				E4C2424410CC5A17004149E2 /* AppKit.framework */,
				E4C2424510CC5A17004149E2 /* Cocoa.framework */,
				E4C2424610CC5A17004149E2 /* IOKit.framework */,
				E45BE9710E8CC7DD009D7055 /* AGL.framework */,
				E45BE9720E8CC7DD009D7055 /* ApplicationServices.framework */,
				E45BE9730E8CC7DD009D7055 /* AudioToolbox.framework */,
				E45BE9740E8CC7DD009D7055 /* Carbon.framework */,
				E45BE9750E8CC7DD009D7055 /* CoreAudio.framework */,
				E45BE9760E8CC7DD009D7055 /* CoreFoundation.framework */,
				E45BE9770E8CC7DD009D7055 /* CoreServices.framework */,
				E45BE9790E8CC7DD009D7055 /* OpenGL.framework */,
				E45BE97A0E8CC7DD009D7055 /* QuickTime.framework */,
				E7E077E415D3B63C0020DFD4 /* CoreVideo.framework */,
				E7E077E715D3B6510020DFD4 /* QTKit.framework */,
			);
			name = "system frameworks";
			sourceTree = "<group>";
		};
		BBAB23CA13894EDB00AA2426 /* 3rd party frameworks */ = {
			isa = PBXGroup;
			children = (
				BBAB23BE13894E4700AA2426 /* GLUT.framework */,
			);
			name = "3rd party frameworks";
			sourceTree = "<group>";
		};
		E4328144138ABC890047C5CB /* Products */ = {
			isa = PBXGroup;
			children = (
				E4328148138ABC890047C5CB /* openFrameworksDebug.a */,
			);
			name = Products;
			sourceTree = "<group>";
		};
		E45BE5980E8CC70C009D7055 /* frameworks */ = {
			isa = PBXGroup;
			children = (
				BBAB23CA13894EDB00AA2426 /* 3rd party frameworks */,
				BBAB23C913894ECA00AA2426 /* system frameworks */,
			);
			name = frameworks;
			sourceTree = "<group>";
		};
		E4B69B4A0A3A1720003C02F2 = {
			isa = PBXGroup;
			children = (
				E4B6FCAD0C3E899E008CF71C /* openFrameworks-Info.plist */,
				E4EB6923138AFD0F00A09F29 /* Project.xcconfig */,
				E4B69E1C0A3A1BDC003C02F2 /* src */,
				E4EEC9E9138DF44700A80321 /* openFrameworks */,
				BB4B014C10F69532006C3DED /* addons */,
				E45BE5980E8CC70C009D7055 /* frameworks */,
				E4B69B5B0A3A1756003C02F2 /* openFrameworksWaveformDebug.app */,
			);
			sourceTree = "<group>";
		};
		E4B69E1C0A3A1BDC003C02F2 /* src */ = {
			isa = PBXGroup;
			children = (
				E4B69E1D0A3A1BDC003C02F2 /* main.cpp */,
				E4B69E1E0A3A1BDC003C02F2 /* testApp.cpp */,
				E4B69E1F0A3A1BDC003C02F2 /* testApp.h */,
			);
			path = src;
			sourceTree = SOURCE_ROOT;
		};
		E4EEC9E9138DF44700A80321 /* openFrameworks */ = {
			isa = PBXGroup;
			children = (
				E4EB691F138AFCF100A09F29 /* CoreOF.xcconfig */,
				E4328143138ABC890047C5CB /* openFrameworksLib.xcodeproj */,
			);
			name = openFrameworks;
			sourceTree = "<group>";
		};
/* End PBXGroup section */

/* Begin PBXNativeTarget section */
		E4B69B5A0A3A1756003C02F2 /* openFrameworksWaveform */ = {
			isa = PBXNativeTarget;
			buildConfigurationList = E4B69B5F0A3A1757003C02F2 /* Build configuration list for PBXNativeTarget "openFrameworksWaveform" */;
			buildPhases = (
				E4B69B580A3A1756003C02F2 /* Sources */,
				E4B69B590A3A1756003C02F2 /* Frameworks */,
				E4B6FFFD0C3F9AB9008CF71C /* ShellScript */,
				E4C2427710CC5ABF004149E2 /* CopyFiles */,
			);
			buildRules = (
			);
			dependencies = (
				E4EEB9AC138B136A00A80321 /* PBXTargetDependency */,
			);
			name = openFrameworksWaveform;
			productName = myOFApp;
			productReference = E4B69B5B0A3A1756003C02F2 /* openFrameworksWaveformDebug.app */;
			productType = "com.apple.product-type.application";
		};
/* End PBXNativeTarget section */

/* Begin PBXProject section */
		E4B69B4C0A3A1720003C02F2 /* Project object */ = {
			isa = PBXProject;
			attributes = {
				LastUpgradeCheck = 0460;
			};
			buildConfigurationList = E4B69B4D0A3A1720003C02F2 /* Build configuration list for PBXProject "openFrameworksWaveform" */;
			compatibilityVersion = "Xcode 3.2";
			developmentRegion = English;
			hasScannedForEncodings = 0;
			knownRegions = (
				English,
				Japanese,
				French,
				German,
			);
			mainGroup = E4B69B4A0A3A1720003C02F2;
			productRefGroup = E4B69B4A0A3A1720003C02F2;
			projectDirPath = "";
			projectReferences = (
				{
					ProductGroup = E4328144138ABC890047C5CB /* Products */;
					ProjectRef = E4328143138ABC890047C5CB /* openFrameworksLib.xcodeproj */;
				},
			);
			projectRoot = "";
			targets = (
				E4B69B5A0A3A1756003C02F2 /* openFrameworksWaveform */,
			);
		};
/* End PBXProject section */

/* Begin PBXReferenceProxy section */
		E4328148138ABC890047C5CB /* openFrameworksDebug.a */ = {
			isa = PBXReferenceProxy;
			fileType = archive.ar;
			path = openFrameworksDebug.a;
			remoteRef = E4328147138ABC890047C5CB /* PBXContainerItemProxy */;
			sourceTree = BUILT_PRODUCTS_DIR;
		};
/* End PBXReferenceProxy section */

/* Begin PBXShellScriptBuildPhase section */
		E4B6FFFD0C3F9AB9008CF71C /* ShellScript */ = {
			isa = PBXShellScriptBuildPhase;
			buildActionMask = 2147483647;
			files = (
			);
			inputPaths = (
			);
			outputPaths = (
			);
			runOnlyForDeploymentPostprocessing = 0;
			shellPath = /bin/sh;
			shellScript = "cp -f ../../../libs/fmodex/lib/osx/libfmodex.dylib \"$TARGET_BUILD_DIR/$PRODUCT_NAME.app/Contents/MacOS/libfmodex.dylib\"; install_name_tool -change ./libfmodex.dylib @executable_path/libfmodex.dylib \"$TARGET_BUILD_DIR/$PRODUCT_NAME.app/Contents/MacOS/$PRODUCT_NAME\";\nmkdir -p \"$TARGET_BUILD_DIR/$PRODUCT_NAME.app/Contents/Resources/\"\ncp -f \"$ICON_FILE\" \"$TARGET_BUILD_DIR/$PRODUCT_NAME.app/Contents/Resources/\"\n";
		};
/* End PBXShellScriptBuildPhase section */

/* Begin PBXSourcesBuildPhase section */
		E4B69B580A3A1756003C02F2 /* Sources */ = {
			isa = PBXSourcesBuildPhase;
			buildActionMask = 2147483647;
			files = (
				E4B69E200A3A1BDC003C02F2 /* main.cpp in Sources */,
				E4B69E210A3A1BDC003C02F2 /* testApp.cpp in Sources */,
				A08D9CF6078FDA57A7CE04C4 /* ofxTonicSynth.cpp in Sources */,
				92AE3EF9D1E9798885317D7E /* ADSR.cpp in Sources */,
				D4A9ADF52DC2FA5CFFD80A51 /* Arithmetic.cpp in Sources */,
				98576F60E227C1D99FE2F41A /* BasicDelay.cpp in Sources */,
				88F0141963F235083C77F226 /* BufferFiller.cpp in Sources */,
				E829B9DA6F7132C5F8EA8A0C /* CombFilter.cpp in Sources */,
				6A33212F7D8BC75F53361169 /* CompressorLimiter.cpp in Sources */,
				ADB13F2F0A60004CE918CB1A /* ControlArithmetic.cpp in Sources */,
				D42E8EBCEE4BC7491949F8E5 /* ControlChangeNotifier.cpp in Sources */,
				BA79E1F539E83C64A29B4AE7 /* ControlComparison.cpp in Sources */,
				C86222C2F07C6F4623CEDCD5 /* ControlConditioner.cpp in Sources */,
				3D6F4383B3859873D055D7F5 /* ControlCounter.cpp in Sources */,
				687619414A00F0D4EDA9E897 /* ControlDbToLinear.cpp in Sources */,
				7117CFB4C5AA56555CD4B687 /* ControlDelay.cpp in Sources */,
				FC664DBA581A9170D7221E80 /* ControlFloor.cpp in Sources */,
				F7E2CD66D34E349722F77978 /* ControlGenerator.cpp in Sources */,
				5649CF5FEB98D7F1C4A0815E /* ControlMetro.cpp in Sources */,
				310BB1AD9E8C5EDD0F0CA370 /* ControlMetroDivider.cpp in Sources */,
				6F28F56BB8B8CC2050FE656F /* ControlMidiToFreq.cpp in Sources */,
				36E37A49AF9F9F219E5E63ED /* ControlParameter.cpp in Sources */,
				9DB461599923EDAAA53F7320 /* ControlPrinter.cpp in Sources */,
				F0A517320CB42849A4A4A2C7 /* ControlPulse.cpp in Sources */,
				CF630867D44E3A6D5C97DF69 /* ControlRandom.cpp in Sources */,
				3F63B4CE561C9ADEF941D745 /* ControlRecorder.cpp in Sources */,
				08A6D973887595CDADAF4FD7 /* ControlSnapToScale.cpp in Sources */,
				61FB003EA31E8CC722F7A0EF /* ControlStepper.cpp in Sources */,
				F7DBF98108C24B1D576DE0E6 /* ControlSwitcher.cpp in Sources */,
				23E21567BA4C43105A9339A9 /* ControlTrigger.cpp in Sources */,
				8B72AE5AA49843C668896D2D /* ControlValue.cpp in Sources */,
				3A0CDB804AFFD643D5E7FDA1 /* ControlXYSpeed.cpp in Sources */,
				234661DE137E48CF52BC5886 /* DelayUtils.cpp in Sources */,
				AA6DAFB687721C5B4E20A079 /* Effect.cpp in Sources */,
				E77DAA583475EFFC0A1B338B /* Filters.cpp in Sources */,
				EAD9C423EB4CAE8B808F52BB /* FilterUtils.cpp in Sources */,
				4833BD459D3123366D3528F0 /* FixedValue.cpp in Sources */,
				190A67A17C3BB24DB37DD44F /* Generator.cpp in Sources */,
				625A58C885E761753345831F /* LFNoise.cpp in Sources */,
				613570C868C725D3793F33D9 /* Mixer.cpp in Sources */,
				CCF589C179C92C095BA6EE9D /* MonoToStereoPanner.cpp in Sources */,
				AF105C709E912C65638F8CAC /* Noise.cpp in Sources */,
				6BBC287AB24A076787C83135 /* RampedValue.cpp in Sources */,
				FB0CEC2120B7ECC76CA7681F /* RectWave.cpp in Sources */,
				64F4AA5FD33A2E65D8E17217 /* Reverb.cpp in Sources */,
				2CE855FA9BE7AC5BB1024308 /* RingBuffer.cpp in Sources */,
				507BEC86EF35AAA2F6C91520 /* SampleTable.cpp in Sources */,
				FEA5296A25F0CE0014A38A0D /* SawtoothWave.cpp in Sources */,
				45C0F0010A3C5C850DD0ADCE /* SineWave.cpp in Sources */,
				6FCAE57DA591456638D24BA3 /* StereoDelay.cpp in Sources */,
				356D4B680053685FE09C381B /* Synth.cpp in Sources */,
				7F10C60DBDE2E4FFD7F244DB /* TableLookupOsc.cpp in Sources */,
				7573AC1CDADE011131CF4541 /* TonicFrames.cpp in Sources */,
			);
			runOnlyForDeploymentPostprocessing = 0;
		};
/* End PBXSourcesBuildPhase section */

/* Begin PBXTargetDependency section */
		E4EEB9AC138B136A00A80321 /* PBXTargetDependency */ = {
			isa = PBXTargetDependency;
			name = openFrameworks;
			targetProxy = E4EEB9AB138B136A00A80321 /* PBXContainerItemProxy */;
		};
/* End PBXTargetDependency section */

/* Begin XCBuildConfiguration section */
		E4B69B4E0A3A1720003C02F2 /* Debug */ = {
			isa = XCBuildConfiguration;
			baseConfigurationReference = E4EB6923138AFD0F00A09F29 /* Project.xcconfig */;
			buildSettings = {
				ARCHS = "$(NATIVE_ARCH)";
				CONFIGURATION_BUILD_DIR = "$(SRCROOT)/bin/";
				COPY_PHASE_STRIP = NO;
				DEAD_CODE_STRIPPING = YES;
				GCC_AUTO_VECTORIZATION = YES;
				GCC_ENABLE_SSE3_EXTENSIONS = YES;
				GCC_ENABLE_SUPPLEMENTAL_SSE3_INSTRUCTIONS = YES;
				GCC_INLINES_ARE_PRIVATE_EXTERN = NO;
				GCC_OPTIMIZATION_LEVEL = 0;
				GCC_SYMBOLS_PRIVATE_EXTERN = NO;
				GCC_WARN_ABOUT_DEPRECATED_FUNCTIONS = YES;
				GCC_WARN_ABOUT_INVALID_OFFSETOF_MACRO = NO;
				GCC_WARN_ALLOW_INCOMPLETE_PROTOCOL = NO;
				GCC_WARN_UNINITIALIZED_AUTOS = NO;
				GCC_WARN_UNUSED_VALUE = NO;
				GCC_WARN_UNUSED_VARIABLE = NO;
				HEADER_SEARCH_PATHS = (
					"$(OF_CORE_HEADERS)",
					../../../addons/ofxTonic/libs,
					../../../addons/ofxTonic/src,
					../../../addons/ofxTonic/src/Tonic,
				);
				MACOSX_DEPLOYMENT_TARGET = 10.6;
				OTHER_CPLUSPLUSFLAGS = (
					"-D__MACOSX_CORE__",
					"-lpthread",
					"-mtune=native",
				);
				SDKROOT = macosx;
			};
			name = Debug;
		};
		E4B69B4F0A3A1720003C02F2 /* Release */ = {
			isa = XCBuildConfiguration;
			baseConfigurationReference = E4EB6923138AFD0F00A09F29 /* Project.xcconfig */;
			buildSettings = {
				ARCHS = "$(NATIVE_ARCH)";
				CONFIGURATION_BUILD_DIR = "$(SRCROOT)/bin/";
				COPY_PHASE_STRIP = YES;
				DEAD_CODE_STRIPPING = YES;
				GCC_AUTO_VECTORIZATION = YES;
				GCC_ENABLE_SSE3_EXTENSIONS = YES;
				GCC_ENABLE_SUPPLEMENTAL_SSE3_INSTRUCTIONS = YES;
				GCC_INLINES_ARE_PRIVATE_EXTERN = NO;
				GCC_OPTIMIZATION_LEVEL = 3;
				GCC_SYMBOLS_PRIVATE_EXTERN = NO;
				GCC_UNROLL_LOOPS = YES;
				GCC_WARN_ABOUT_DEPRECATED_FUNCTIONS = YES;
				GCC_WARN_ABOUT_INVALID_OFFSETOF_MACRO = NO;
				GCC_WARN_ALLOW_INCOMPLETE_PROTOCOL = NO;
				GCC_WARN_UNINITIALIZED_AUTOS = NO;
				GCC_WARN_UNUSED_VALUE = NO;
				GCC_WARN_UNUSED_VARIABLE = NO;
				HEADER_SEARCH_PATHS = (
					"$(OF_CORE_HEADERS)",
					../../../addons/ofxTonic/libs,
					../../../addons/ofxTonic/src,
					../../../addons/ofxTonic/src/Tonic,
				);
				MACOSX_DEPLOYMENT_TARGET = 10.6;
				OTHER_CPLUSPLUSFLAGS = (
					"-D__MACOSX_CORE__",
					"-lpthread",
					"-mtune=native",
				);
				SDKROOT = macosx;
			};
			name = Release;
		};
		E4B69B600A3A1757003C02F2 /* Debug */ = {
			isa = XCBuildConfiguration;
			buildSettings = {
				COMBINE_HIDPI_IMAGES = YES;
				COPY_PHASE_STRIP = NO;
				FRAMEWORK_SEARCH_PATHS = (
					"$(inherited)",
					"$(FRAMEWORK_SEARCH_PATHS_QUOTED_FOR_TARGET_1)",
				);
				FRAMEWORK_SEARCH_PATHS_QUOTED_FOR_TARGET_1 = "\"$(SRCROOT)/../../../libs/glut/lib/osx\"";
				GCC_DYNAMIC_NO_PIC = NO;
				GCC_GENERATE_DEBUGGING_SYMBOLS = YES;
				GCC_MODEL_TUNING = NONE;
				ICON = "$(ICON_NAME_DEBUG)";
				ICON_FILE = "$(ICON_FILE_PATH)$(ICON)";
				INFOPLIST_FILE = "openFrameworks-Info.plist";
				INSTALL_PATH = "$(HOME)/Applications";
				LIBRARY_SEARCH_PATHS = (
					"$(inherited)",
					"$(LIBRARY_SEARCH_PATHS_QUOTED_FOR_TARGET_1)",
					"$(LIBRARY_SEARCH_PATHS_QUOTED_FOR_TARGET_2)",
					"$(LIBRARY_SEARCH_PATHS_QUOTED_FOR_TARGET_3)",
					"$(LIBRARY_SEARCH_PATHS_QUOTED_FOR_TARGET_4)",
					"$(LIBRARY_SEARCH_PATHS_QUOTED_FOR_TARGET_5)",
					"$(LIBRARY_SEARCH_PATHS_QUOTED_FOR_TARGET_6)",
					"$(LIBRARY_SEARCH_PATHS_QUOTED_FOR_TARGET_7)",
					"$(LIBRARY_SEARCH_PATHS_QUOTED_FOR_TARGET_8)",
					"$(LIBRARY_SEARCH_PATHS_QUOTED_FOR_TARGET_9)",
					"$(LIBRARY_SEARCH_PATHS_QUOTED_FOR_TARGET_10)",
					"$(LIBRARY_SEARCH_PATHS_QUOTED_FOR_TARGET_11)",
					"$(LIBRARY_SEARCH_PATHS_QUOTED_FOR_TARGET_12)",
					"$(LIBRARY_SEARCH_PATHS_QUOTED_FOR_TARGET_13)",
					"$(LIBRARY_SEARCH_PATHS_QUOTED_FOR_TARGET_14)",
					"$(LIBRARY_SEARCH_PATHS_QUOTED_FOR_TARGET_15)",
					"$(LIBRARY_SEARCH_PATHS_QUOTED_FOR_TARGET_2)",
					"$(LIBRARY_SEARCH_PATHS_QUOTED_FOR_TARGET_3)",
					"$(LIBRARY_SEARCH_PATHS_QUOTED_FOR_TARGET_7)",
					"$(LIBRARY_SEARCH_PATHS_QUOTED_FOR_TARGET_8)",
					"$(LIBRARY_SEARCH_PATHS_QUOTED_FOR_TARGET_9)",
					"$(LIBRARY_SEARCH_PATHS_QUOTED_FOR_TARGET_10)",
					"$(LIBRARY_SEARCH_PATHS_QUOTED_FOR_TARGET_11)",
					"$(LIBRARY_SEARCH_PATHS_QUOTED_FOR_TARGET_12)",
					"$(LIBRARY_SEARCH_PATHS_QUOTED_FOR_TARGET_13)",
					"$(LIBRARY_SEARCH_PATHS_QUOTED_FOR_TARGET_16)",
					"$(LIBRARY_SEARCH_PATHS_QUOTED_FOR_TARGET_17)",
					"$(LIBRARY_SEARCH_PATHS_QUOTED_FOR_TARGET_18)",
					"$(LIBRARY_SEARCH_PATHS_QUOTED_FOR_TARGET_19)",
					"$(LIBRARY_SEARCH_PATHS_QUOTED_FOR_TARGET_20)",
					"$(LIBRARY_SEARCH_PATHS_QUOTED_FOR_TARGET_21)",
					"$(LIBRARY_SEARCH_PATHS_QUOTED_FOR_TARGET_22)",
					"$(LIBRARY_SEARCH_PATHS_QUOTED_FOR_TARGET_23)",
					"$(LIBRARY_SEARCH_PATHS_QUOTED_FOR_TARGET_24)",
					"$(LIBRARY_SEARCH_PATHS_QUOTED_FOR_TARGET_25)",
					"$(LIBRARY_SEARCH_PATHS_QUOTED_FOR_TARGET_26)",
					"$(LIBRARY_SEARCH_PATHS_QUOTED_FOR_TARGET_27)",
					"$(LIBRARY_SEARCH_PATHS_QUOTED_FOR_TARGET_28)",
					"$(LIBRARY_SEARCH_PATHS_QUOTED_FOR_TARGET_29)",
					"$(LIBRARY_SEARCH_PATHS_QUOTED_FOR_TARGET_30)",
					"$(LIBRARY_SEARCH_PATHS_QUOTED_FOR_TARGET_31)",
					"$(LIBRARY_SEARCH_PATHS_QUOTED_FOR_TARGET_32)",
					"$(LIBRARY_SEARCH_PATHS_QUOTED_FOR_TARGET_33)",
					"$(LIBRARY_SEARCH_PATHS_QUOTED_FOR_TARGET_34)",
					"$(LIBRARY_SEARCH_PATHS_QUOTED_FOR_TARGET_35)",
					"$(LIBRARY_SEARCH_PATHS_QUOTED_FOR_TARGET_36)",
					"$(LIBRARY_SEARCH_PATHS_QUOTED_FOR_TARGET_37)",
					"$(LIBRARY_SEARCH_PATHS_QUOTED_FOR_TARGET_38)",
					"$(LIBRARY_SEARCH_PATHS_QUOTED_FOR_TARGET_39)",
					"$(LIBRARY_SEARCH_PATHS_QUOTED_FOR_TARGET_40)",
					"$(LIBRARY_SEARCH_PATHS_QUOTED_FOR_TARGET_41)",
					"$(LIBRARY_SEARCH_PATHS_QUOTED_FOR_TARGET_42)",
					"$(LIBRARY_SEARCH_PATHS_QUOTED_FOR_TARGET_43)",
					"$(LIBRARY_SEARCH_PATHS_QUOTED_FOR_TARGET_44)",
					"$(LIBRARY_SEARCH_PATHS_QUOTED_FOR_TARGET_45)",
					"$(LIBRARY_SEARCH_PATHS_QUOTED_FOR_TARGET_46)",
					"$(LIBRARY_SEARCH_PATHS_QUOTED_FOR_TARGET_47)",
					"$(LIBRARY_SEARCH_PATHS_QUOTED_FOR_TARGET_48)",
					"$(LIBRARY_SEARCH_PATHS_QUOTED_FOR_TARGET_49)",
					"$(LIBRARY_SEARCH_PATHS_QUOTED_FOR_TARGET_50)",
					"$(LIBRARY_SEARCH_PATHS_QUOTED_FOR_TARGET_51)",
					"$(LIBRARY_SEARCH_PATHS_QUOTED_FOR_TARGET_52)",
				);
				PRODUCT_NAME = openFrameworksWaveformDebug;
				WRAPPER_EXTENSION = app;
			};
			name = Debug;
		};
		E4B69B610A3A1757003C02F2 /* Release */ = {
			isa = XCBuildConfiguration;
			buildSettings = {
				COMBINE_HIDPI_IMAGES = YES;
				COPY_PHASE_STRIP = YES;
				FRAMEWORK_SEARCH_PATHS = (
					"$(inherited)",
					"$(FRAMEWORK_SEARCH_PATHS_QUOTED_FOR_TARGET_1)",
				);
				FRAMEWORK_SEARCH_PATHS_QUOTED_FOR_TARGET_1 = "\"$(SRCROOT)/../../../libs/glut/lib/osx\"";
				GCC_GENERATE_DEBUGGING_SYMBOLS = YES;
				GCC_MODEL_TUNING = NONE;
				ICON = "$(ICON_NAME_RELEASE)";
				ICON_FILE = "$(ICON_FILE_PATH)$(ICON)";
				INFOPLIST_FILE = "openFrameworks-Info.plist";
				INSTALL_PATH = "$(HOME)/Applications";
				LIBRARY_SEARCH_PATHS = (
					"$(inherited)",
					"$(LIBRARY_SEARCH_PATHS_QUOTED_FOR_TARGET_1)",
					"$(LIBRARY_SEARCH_PATHS_QUOTED_FOR_TARGET_2)",
					"$(LIBRARY_SEARCH_PATHS_QUOTED_FOR_TARGET_3)",
					"$(LIBRARY_SEARCH_PATHS_QUOTED_FOR_TARGET_4)",
					"$(LIBRARY_SEARCH_PATHS_QUOTED_FOR_TARGET_5)",
					"$(LIBRARY_SEARCH_PATHS_QUOTED_FOR_TARGET_6)",
					"$(LIBRARY_SEARCH_PATHS_QUOTED_FOR_TARGET_7)",
					"$(LIBRARY_SEARCH_PATHS_QUOTED_FOR_TARGET_8)",
					"$(LIBRARY_SEARCH_PATHS_QUOTED_FOR_TARGET_9)",
					"$(LIBRARY_SEARCH_PATHS_QUOTED_FOR_TARGET_10)",
					"$(LIBRARY_SEARCH_PATHS_QUOTED_FOR_TARGET_11)",
					"$(LIBRARY_SEARCH_PATHS_QUOTED_FOR_TARGET_12)",
					"$(LIBRARY_SEARCH_PATHS_QUOTED_FOR_TARGET_13)",
					"$(LIBRARY_SEARCH_PATHS_QUOTED_FOR_TARGET_14)",
					"$(LIBRARY_SEARCH_PATHS_QUOTED_FOR_TARGET_15)",
					"$(LIBRARY_SEARCH_PATHS_QUOTED_FOR_TARGET_2)",
					"$(LIBRARY_SEARCH_PATHS_QUOTED_1)",
					"$(LIBRARY_SEARCH_PATHS_QUOTED_FOR_TARGET_3)",
					"$(LIBRARY_SEARCH_PATHS_QUOTED_FOR_TARGET_7)",
					"$(LIBRARY_SEARCH_PATHS_QUOTED_FOR_TARGET_8)",
					"$(LIBRARY_SEARCH_PATHS_QUOTED_FOR_TARGET_9)",
					"$(LIBRARY_SEARCH_PATHS_QUOTED_FOR_TARGET_10)",
					"$(LIBRARY_SEARCH_PATHS_QUOTED_FOR_TARGET_11)",
					"$(LIBRARY_SEARCH_PATHS_QUOTED_FOR_TARGET_12)",
					"$(LIBRARY_SEARCH_PATHS_QUOTED_FOR_TARGET_13)",
					"$(LIBRARY_SEARCH_PATHS_QUOTED_FOR_TARGET_16)",
					"$(LIBRARY_SEARCH_PATHS_QUOTED_FOR_TARGET_17)",
					"$(LIBRARY_SEARCH_PATHS_QUOTED_FOR_TARGET_18)",
					"$(LIBRARY_SEARCH_PATHS_QUOTED_FOR_TARGET_19)",
					"$(LIBRARY_SEARCH_PATHS_QUOTED_FOR_TARGET_20)",
					"$(LIBRARY_SEARCH_PATHS_QUOTED_FOR_TARGET_21)",
					"$(LIBRARY_SEARCH_PATHS_QUOTED_FOR_TARGET_22)",
					"$(LIBRARY_SEARCH_PATHS_QUOTED_FOR_TARGET_23)",
					"$(LIBRARY_SEARCH_PATHS_QUOTED_FOR_TARGET_24)",
					"$(LIBRARY_SEARCH_PATHS_QUOTED_FOR_TARGET_25)",
					"$(LIBRARY_SEARCH_PATHS_QUOTED_FOR_TARGET_26)",
					"$(LIBRARY_SEARCH_PATHS_QUOTED_FOR_TARGET_27)",
					"$(LIBRARY_SEARCH_PATHS_QUOTED_FOR_TARGET_28)",
					"$(LIBRARY_SEARCH_PATHS_QUOTED_FOR_TARGET_29)",
					"$(LIBRARY_SEARCH_PATHS_QUOTED_FOR_TARGET_30)",
					"$(LIBRARY_SEARCH_PATHS_QUOTED_FOR_TARGET_31)",
					"$(LIBRARY_SEARCH_PATHS_QUOTED_FOR_TARGET_32)",
					"$(LIBRARY_SEARCH_PATHS_QUOTED_FOR_TARGET_33)",
					"$(LIBRARY_SEARCH_PATHS_QUOTED_FOR_TARGET_34)",
					"$(LIBRARY_SEARCH_PATHS_QUOTED_FOR_TARGET_35)",
					"$(LIBRARY_SEARCH_PATHS_QUOTED_FOR_TARGET_36)",
					"$(LIBRARY_SEARCH_PATHS_QUOTED_FOR_TARGET_37)",
					"$(LIBRARY_SEARCH_PATHS_QUOTED_FOR_TARGET_38)",
					"$(LIBRARY_SEARCH_PATHS_QUOTED_FOR_TARGET_39)",
					"$(LIBRARY_SEARCH_PATHS_QUOTED_FOR_TARGET_40)",
					"$(LIBRARY_SEARCH_PATHS_QUOTED_FOR_TARGET_41)",
					"$(LIBRARY_SEARCH_PATHS_QUOTED_FOR_TARGET_42)",
					"$(LIBRARY_SEARCH_PATHS_QUOTED_FOR_TARGET_43)",
					"$(LIBRARY_SEARCH_PATHS_QUOTED_FOR_TARGET_44)",
					"$(LIBRARY_SEARCH_PATHS_QUOTED_FOR_TARGET_45)",
					"$(LIBRARY_SEARCH_PATHS_QUOTED_FOR_TARGET_46)",
					"$(LIBRARY_SEARCH_PATHS_QUOTED_FOR_TARGET_47)",
					"$(LIBRARY_SEARCH_PATHS_QUOTED_FOR_TARGET_48)",
					"$(LIBRARY_SEARCH_PATHS_QUOTED_FOR_TARGET_49)",
					"$(LIBRARY_SEARCH_PATHS_QUOTED_FOR_TARGET_50)",
					"$(LIBRARY_SEARCH_PATHS_QUOTED_FOR_TARGET_51)",
				);
				PRODUCT_NAME = openFrameworksWaveform;
				WRAPPER_EXTENSION = app;
			};
			name = Release;
		};
/* End XCBuildConfiguration section */

/* Begin XCConfigurationList section */
		E4B69B4D0A3A1720003C02F2 /* Build configuration list for PBXProject "openFrameworksWaveform" */ = {
			isa = XCConfigurationList;
			buildConfigurations = (
				E4B69B4E0A3A1720003C02F2 /* Debug */,
				E4B69B4F0A3A1720003C02F2 /* Release */,
			);
			defaultConfigurationIsVisible = 0;
			defaultConfigurationName = Release;
		};
		E4B69B5F0A3A1757003C02F2 /* Build configuration list for PBXNativeTarget "openFrameworksWaveform" */ = {
			isa = XCConfigurationList;
			buildConfigurations = (
				E4B69B600A3A1757003C02F2 /* Debug */,
				E4B69B610A3A1757003C02F2 /* Release */,
			);
			defaultConfigurationIsVisible = 0;
			defaultConfigurationName = Release;
		};
/* End XCConfigurationList section */
	};
	rootObject = E4B69B4C0A3A1720003C02F2 /* Project object */;
}
